// !$*UTF8*$!
{
	archiveVersion = 1;
	classes = {
	};
	objectVersion = 51;
	objects = {

/* Begin PBXBuildFile section */
		06F065D626528ED000032BDA /* AppDelegate.swift in Sources */ = {isa = PBXBuildFile; fileRef = 06F065D526528ED000032BDA /* AppDelegate.swift */; };
		06F065D826528ED000032BDA /* SceneDelegate.swift in Sources */ = {isa = PBXBuildFile; fileRef = 06F065D726528ED000032BDA /* SceneDelegate.swift */; };
		06F065DA26528ED000032BDA /* ViewController.swift in Sources */ = {isa = PBXBuildFile; fileRef = 06F065D926528ED000032BDA /* ViewController.swift */; };
		06F065DD26528ED000032BDA /* Main.storyboard in Resources */ = {isa = PBXBuildFile; fileRef = 06F065DB26528ED000032BDA /* Main.storyboard */; };
		06F065DF26528ED300032BDA /* Assets.xcassets in Resources */ = {isa = PBXBuildFile; fileRef = 06F065DE26528ED300032BDA /* Assets.xcassets */; };
		06F065E226528ED300032BDA /* LaunchScreen.storyboard in Resources */ = {isa = PBXBuildFile; fileRef = 06F065E026528ED300032BDA /* LaunchScreen.storyboard */; };
		06F065ED26528ED300032BDA /* SolemTests.swift in Sources */ = {isa = PBXBuildFile; fileRef = 06F065EC26528ED300032BDA /* SolemTests.swift */; };
		06F065F826528ED300032BDA /* SolemUITests.swift in Sources */ = {isa = PBXBuildFile; fileRef = 06F065F726528ED300032BDA /* SolemUITests.swift */; };
		387584B681A28936A6AA6394 /* Pods_SolemTests.framework in Frameworks */ = {isa = PBXBuildFile; fileRef = 6C13E1095954D5F1C60AA09F /* Pods_SolemTests.framework */; };
		CF6298B1325318A629EF02DE /* Pods_Solem.framework in Frameworks */ = {isa = PBXBuildFile; fileRef = C2992D04AEF60D15E4079590 /* Pods_Solem.framework */; };
		DE39740136B37770922890F1 /* Pods_Solem_SolemUITests.framework in Frameworks */ = {isa = PBXBuildFile; fileRef = D1E94EB10036D21EC474B0E7 /* Pods_Solem_SolemUITests.framework */; };
/* End PBXBuildFile section */

/* Begin PBXContainerItemProxy section */
		06F065E926528ED300032BDA /* PBXContainerItemProxy */ = {
			isa = PBXContainerItemProxy;
			containerPortal = 06F065CA26528ED000032BDA /* Project object */;
			proxyType = 1;
			remoteGlobalIDString = 06F065D126528ED000032BDA;
			remoteInfo = Solem;
		};
		06F065F426528ED300032BDA /* PBXContainerItemProxy */ = {
			isa = PBXContainerItemProxy;
			containerPortal = 06F065CA26528ED000032BDA /* Project object */;
			proxyType = 1;
			remoteGlobalIDString = 06F065D126528ED000032BDA;
			remoteInfo = Solem;
		};
/* End PBXContainerItemProxy section */

/* Begin PBXFileReference section */
		06F065D226528ED000032BDA /* Solem.app */ = {isa = PBXFileReference; explicitFileType = wrapper.application; includeInIndex = 0; path = Solem.app; sourceTree = BUILT_PRODUCTS_DIR; };
		06F065D526528ED000032BDA /* AppDelegate.swift */ = {isa = PBXFileReference; lastKnownFileType = sourcecode.swift; path = AppDelegate.swift; sourceTree = "<group>"; };
		06F065D726528ED000032BDA /* SceneDelegate.swift */ = {isa = PBXFileReference; lastKnownFileType = sourcecode.swift; path = SceneDelegate.swift; sourceTree = "<group>"; };
		06F065D926528ED000032BDA /* ViewController.swift */ = {isa = PBXFileReference; lastKnownFileType = sourcecode.swift; path = ViewController.swift; sourceTree = "<group>"; };
		06F065DC26528ED000032BDA /* Base */ = {isa = PBXFileReference; lastKnownFileType = file.storyboard; name = Base; path = Base.lproj/Main.storyboard; sourceTree = "<group>"; };
		06F065DE26528ED300032BDA /* Assets.xcassets */ = {isa = PBXFileReference; lastKnownFileType = folder.assetcatalog; path = Assets.xcassets; sourceTree = "<group>"; };
		06F065E126528ED300032BDA /* Base */ = {isa = PBXFileReference; lastKnownFileType = file.storyboard; name = Base; path = Base.lproj/LaunchScreen.storyboard; sourceTree = "<group>"; };
		06F065E326528ED300032BDA /* Info.plist */ = {isa = PBXFileReference; lastKnownFileType = text.plist.xml; path = Info.plist; sourceTree = "<group>"; };
		06F065E826528ED300032BDA /* SolemTests.xctest */ = {isa = PBXFileReference; explicitFileType = wrapper.cfbundle; includeInIndex = 0; path = SolemTests.xctest; sourceTree = BUILT_PRODUCTS_DIR; };
		06F065EC26528ED300032BDA /* SolemTests.swift */ = {isa = PBXFileReference; lastKnownFileType = sourcecode.swift; path = SolemTests.swift; sourceTree = "<group>"; };
		06F065EE26528ED300032BDA /* Info.plist */ = {isa = PBXFileReference; lastKnownFileType = text.plist.xml; path = Info.plist; sourceTree = "<group>"; };
		06F065F326528ED300032BDA /* SolemUITests.xctest */ = {isa = PBXFileReference; explicitFileType = wrapper.cfbundle; includeInIndex = 0; path = SolemUITests.xctest; sourceTree = BUILT_PRODUCTS_DIR; };
		06F065F726528ED300032BDA /* SolemUITests.swift */ = {isa = PBXFileReference; lastKnownFileType = sourcecode.swift; path = SolemUITests.swift; sourceTree = "<group>"; };
		06F065F926528ED300032BDA /* Info.plist */ = {isa = PBXFileReference; lastKnownFileType = text.plist.xml; path = Info.plist; sourceTree = "<group>"; };
		0B7B8A3DB6DDAAF03BDFEAE3 /* Pods-Solem.debug.xcconfig */ = {isa = PBXFileReference; includeInIndex = 1; lastKnownFileType = text.xcconfig; name = "Pods-Solem.debug.xcconfig"; path = "Target Support Files/Pods-Solem/Pods-Solem.debug.xcconfig"; sourceTree = "<group>"; };
		0F1B93634E52E96A24B0D517 /* Pods-Solem-SolemUITests.debug.xcconfig */ = {isa = PBXFileReference; includeInIndex = 1; lastKnownFileType = text.xcconfig; name = "Pods-Solem-SolemUITests.debug.xcconfig"; path = "Target Support Files/Pods-Solem-SolemUITests/Pods-Solem-SolemUITests.debug.xcconfig"; sourceTree = "<group>"; };
		217ED3484008182CBE5AB1DA /* Pods-Solem-SolemUITests.release.xcconfig */ = {isa = PBXFileReference; includeInIndex = 1; lastKnownFileType = text.xcconfig; name = "Pods-Solem-SolemUITests.release.xcconfig"; path = "Target Support Files/Pods-Solem-SolemUITests/Pods-Solem-SolemUITests.release.xcconfig"; sourceTree = "<group>"; };
		332972D988648C52A04B9BD5 /* Pods-Solem.release.xcconfig */ = {isa = PBXFileReference; includeInIndex = 1; lastKnownFileType = text.xcconfig; name = "Pods-Solem.release.xcconfig"; path = "Target Support Files/Pods-Solem/Pods-Solem.release.xcconfig"; sourceTree = "<group>"; };
		6C13E1095954D5F1C60AA09F /* Pods_SolemTests.framework */ = {isa = PBXFileReference; explicitFileType = wrapper.framework; includeInIndex = 0; path = Pods_SolemTests.framework; sourceTree = BUILT_PRODUCTS_DIR; };
		942470114EFD538CFDF434D3 /* Pods-SolemTests.release.xcconfig */ = {isa = PBXFileReference; includeInIndex = 1; lastKnownFileType = text.xcconfig; name = "Pods-SolemTests.release.xcconfig"; path = "Target Support Files/Pods-SolemTests/Pods-SolemTests.release.xcconfig"; sourceTree = "<group>"; };
		A28F2919EDCCCFD4845B2F1C /* Pods-SolemTests.debug.xcconfig */ = {isa = PBXFileReference; includeInIndex = 1; lastKnownFileType = text.xcconfig; name = "Pods-SolemTests.debug.xcconfig"; path = "Target Support Files/Pods-SolemTests/Pods-SolemTests.debug.xcconfig"; sourceTree = "<group>"; };
		C2992D04AEF60D15E4079590 /* Pods_Solem.framework */ = {isa = PBXFileReference; explicitFileType = wrapper.framework; includeInIndex = 0; path = Pods_Solem.framework; sourceTree = BUILT_PRODUCTS_DIR; };
		D1E94EB10036D21EC474B0E7 /* Pods_Solem_SolemUITests.framework */ = {isa = PBXFileReference; explicitFileType = wrapper.framework; includeInIndex = 0; path = Pods_Solem_SolemUITests.framework; sourceTree = BUILT_PRODUCTS_DIR; };
/* End PBXFileReference section */

/* Begin PBXFrameworksBuildPhase section */
		06F065CF26528ED000032BDA /* Frameworks */ = {
			isa = PBXFrameworksBuildPhase;
			buildActionMask = 2147483647;
			files = (
				CF6298B1325318A629EF02DE /* Pods_Solem.framework in Frameworks */,
			);
			runOnlyForDeploymentPostprocessing = 0;
		};
		06F065E526528ED300032BDA /* Frameworks */ = {
			isa = PBXFrameworksBuildPhase;
			buildActionMask = 2147483647;
			files = (
				387584B681A28936A6AA6394 /* Pods_SolemTests.framework in Frameworks */,
			);
			runOnlyForDeploymentPostprocessing = 0;
		};
		06F065F026528ED300032BDA /* Frameworks */ = {
			isa = PBXFrameworksBuildPhase;
			buildActionMask = 2147483647;
			files = (
				DE39740136B37770922890F1 /* Pods_Solem_SolemUITests.framework in Frameworks */,
			);
			runOnlyForDeploymentPostprocessing = 0;
		};
/* End PBXFrameworksBuildPhase section */

/* Begin PBXGroup section */
		06F065C926528ED000032BDA = {
			isa = PBXGroup;
			children = (
				06F065D426528ED000032BDA /* Solem */,
				06F065EB26528ED300032BDA /* SolemTests */,
				06F065F626528ED300032BDA /* SolemUITests */,
				06F065D326528ED000032BDA /* Products */,
				E439B1155BDDEEBB0DABE11B /* Pods */,
				EEF8B4D443649CF34016E6F5 /* Frameworks */,
			);
			sourceTree = "<group>";
		};
		06F065D326528ED000032BDA /* Products */ = {
			isa = PBXGroup;
			children = (
				06F065D226528ED000032BDA /* Solem.app */,
				06F065E826528ED300032BDA /* SolemTests.xctest */,
				06F065F326528ED300032BDA /* SolemUITests.xctest */,
			);
			name = Products;
			sourceTree = "<group>";
		};
		06F065D426528ED000032BDA /* Solem */ = {
			isa = PBXGroup;
			children = (
				06F065D526528ED000032BDA /* AppDelegate.swift */,
				06F065D726528ED000032BDA /* SceneDelegate.swift */,
				06F065D926528ED000032BDA /* ViewController.swift */,
				06F065DB26528ED000032BDA /* Main.storyboard */,
				06F065DE26528ED300032BDA /* Assets.xcassets */,
				06F065E026528ED300032BDA /* LaunchScreen.storyboard */,
				06F065E326528ED300032BDA /* Info.plist */,
			);
			path = Solem;
			sourceTree = "<group>";
		};
		06F065EB26528ED300032BDA /* SolemTests */ = {
			isa = PBXGroup;
			children = (
				06F065EC26528ED300032BDA /* SolemTests.swift */,
				06F065EE26528ED300032BDA /* Info.plist */,
			);
			path = SolemTests;
			sourceTree = "<group>";
		};
		06F065F626528ED300032BDA /* SolemUITests */ = {
			isa = PBXGroup;
			children = (
				06F065F726528ED300032BDA /* SolemUITests.swift */,
				06F065F926528ED300032BDA /* Info.plist */,
			);
			path = SolemUITests;
			sourceTree = "<group>";
		};
		E439B1155BDDEEBB0DABE11B /* Pods */ = {
			isa = PBXGroup;
			children = (
				0B7B8A3DB6DDAAF03BDFEAE3 /* Pods-Solem.debug.xcconfig */,
				332972D988648C52A04B9BD5 /* Pods-Solem.release.xcconfig */,
				0F1B93634E52E96A24B0D517 /* Pods-Solem-SolemUITests.debug.xcconfig */,
				217ED3484008182CBE5AB1DA /* Pods-Solem-SolemUITests.release.xcconfig */,
				A28F2919EDCCCFD4845B2F1C /* Pods-SolemTests.debug.xcconfig */,
				942470114EFD538CFDF434D3 /* Pods-SolemTests.release.xcconfig */,
			);
			path = Pods;
			sourceTree = "<group>";
		};
		EEF8B4D443649CF34016E6F5 /* Frameworks */ = {
			isa = PBXGroup;
			children = (
				C2992D04AEF60D15E4079590 /* Pods_Solem.framework */,
				D1E94EB10036D21EC474B0E7 /* Pods_Solem_SolemUITests.framework */,
				6C13E1095954D5F1C60AA09F /* Pods_SolemTests.framework */,
			);
			name = Frameworks;
			sourceTree = "<group>";
		};
/* End PBXGroup section */

/* Begin PBXNativeTarget section */
		06F065D126528ED000032BDA /* Solem */ = {
			isa = PBXNativeTarget;
			buildConfigurationList = 06F065FC26528ED300032BDA /* Build configuration list for PBXNativeTarget "Solem" */;
			buildPhases = (
				CFBE3E35E974A6B07C7C4BDB /* [CP] Check Pods Manifest.lock */,
				06F065CE26528ED000032BDA /* Sources */,
				06F065CF26528ED000032BDA /* Frameworks */,
				06F065D026528ED000032BDA /* Resources */,
				7A1DD55FADB21E40DF50EC9C /* [CP] Embed Pods Frameworks */,
			);
			buildRules = (
			);
			dependencies = (
			);
			name = Solem;
			productName = Solem;
			productReference = 06F065D226528ED000032BDA /* Solem.app */;
			productType = "com.apple.product-type.application";
		};
		06F065E726528ED300032BDA /* SolemTests */ = {
			isa = PBXNativeTarget;
			buildConfigurationList = 06F065FF26528ED300032BDA /* Build configuration list for PBXNativeTarget "SolemTests" */;
			buildPhases = (
				7A78ECB356241F661DB8C8A6 /* [CP] Check Pods Manifest.lock */,
				06F065E426528ED300032BDA /* Sources */,
				06F065E526528ED300032BDA /* Frameworks */,
				06F065E626528ED300032BDA /* Resources */,
			);
			buildRules = (
			);
			dependencies = (
				06F065EA26528ED300032BDA /* PBXTargetDependency */,
			);
			name = SolemTests;
			productName = SolemTests;
			productReference = 06F065E826528ED300032BDA /* SolemTests.xctest */;
			productType = "com.apple.product-type.bundle.unit-test";
		};
		06F065F226528ED300032BDA /* SolemUITests */ = {
			isa = PBXNativeTarget;
			buildConfigurationList = 06F0660226528ED300032BDA /* Build configuration list for PBXNativeTarget "SolemUITests" */;
			buildPhases = (
				56BE659234E42DC78F771F70 /* [CP] Check Pods Manifest.lock */,
				06F065EF26528ED300032BDA /* Sources */,
				06F065F026528ED300032BDA /* Frameworks */,
				06F065F126528ED300032BDA /* Resources */,
				F74EE5FC96ED3ED9A6228B0D /* [CP] Embed Pods Frameworks */,
			);
			buildRules = (
			);
			dependencies = (
				06F065F526528ED300032BDA /* PBXTargetDependency */,
			);
			name = SolemUITests;
			productName = SolemUITests;
			productReference = 06F065F326528ED300032BDA /* SolemUITests.xctest */;
			productType = "com.apple.product-type.bundle.ui-testing";
		};
/* End PBXNativeTarget section */

/* Begin PBXProject section */
		06F065CA26528ED000032BDA /* Project object */ = {
			isa = PBXProject;
			attributes = {
				LastSwiftUpdateCheck = 1250;
				LastUpgradeCheck = 1250;
				TargetAttributes = {
					06F065D126528ED000032BDA = {
						CreatedOnToolsVersion = 12.5;
					};
					06F065E726528ED300032BDA = {
						CreatedOnToolsVersion = 12.5;
						TestTargetID = 06F065D126528ED000032BDA;
					};
					06F065F226528ED300032BDA = {
						CreatedOnToolsVersion = 12.5;
						TestTargetID = 06F065D126528ED000032BDA;
					};
				};
			};
			buildConfigurationList = 06F065CD26528ED000032BDA /* Build configuration list for PBXProject "Solem" */;
			compatibilityVersion = "Xcode 9.3";
			developmentRegion = en;
			hasScannedForEncodings = 0;
			knownRegions = (
				en,
				Base,
			);
			mainGroup = 06F065C926528ED000032BDA;
			productRefGroup = 06F065D326528ED000032BDA /* Products */;
			projectDirPath = "";
			projectRoot = "";
			targets = (
				06F065D126528ED000032BDA /* Solem */,
				06F065E726528ED300032BDA /* SolemTests */,
				06F065F226528ED300032BDA /* SolemUITests */,
			);
		};
/* End PBXProject section */

/* Begin PBXResourcesBuildPhase section */
		06F065D026528ED000032BDA /* Resources */ = {
			isa = PBXResourcesBuildPhase;
			buildActionMask = 2147483647;
			files = (
				06F065E226528ED300032BDA /* LaunchScreen.storyboard in Resources */,
				06F065DF26528ED300032BDA /* Assets.xcassets in Resources */,
				06F065DD26528ED000032BDA /* Main.storyboard in Resources */,
			);
			runOnlyForDeploymentPostprocessing = 0;
		};
		06F065E626528ED300032BDA /* Resources */ = {
			isa = PBXResourcesBuildPhase;
			buildActionMask = 2147483647;
			files = (
			);
			runOnlyForDeploymentPostprocessing = 0;
		};
		06F065F126528ED300032BDA /* Resources */ = {
			isa = PBXResourcesBuildPhase;
			buildActionMask = 2147483647;
			files = (
			);
			runOnlyForDeploymentPostprocessing = 0;
		};
/* End PBXResourcesBuildPhase section */

/* Begin PBXShellScriptBuildPhase section */
		56BE659234E42DC78F771F70 /* [CP] Check Pods Manifest.lock */ = {
			isa = PBXShellScriptBuildPhase;
			buildActionMask = 2147483647;
			files = (
			);
			inputFileListPaths = (
			);
			inputPaths = (
				"${PODS_PODFILE_DIR_PATH}/Podfile.lock",
				"${PODS_ROOT}/Manifest.lock",
			);
			name = "[CP] Check Pods Manifest.lock";
			outputFileListPaths = (
			);
			outputPaths = (
				"$(DERIVED_FILE_DIR)/Pods-Solem-SolemUITests-checkManifestLockResult.txt",
			);
			runOnlyForDeploymentPostprocessing = 0;
			shellPath = /bin/sh;
			shellScript = "diff \"${PODS_PODFILE_DIR_PATH}/Podfile.lock\" \"${PODS_ROOT}/Manifest.lock\" > /dev/null\nif [ $? != 0 ] ; then\n    # print error to STDERR\n    echo \"error: The sandbox is not in sync with the Podfile.lock. Run 'pod install' or update your CocoaPods installation.\" >&2\n    exit 1\nfi\n# This output is used by Xcode 'outputs' to avoid re-running this script phase.\necho \"SUCCESS\" > \"${SCRIPT_OUTPUT_FILE_0}\"\n";
			showEnvVarsInLog = 0;
		};
		7A1DD55FADB21E40DF50EC9C /* [CP] Embed Pods Frameworks */ = {
			isa = PBXShellScriptBuildPhase;
			buildActionMask = 2147483647;
			files = (
			);
			inputFileListPaths = (
				"${PODS_ROOT}/Target Support Files/Pods-Solem/Pods-Solem-frameworks-${CONFIGURATION}-input-files.xcfilelist",
			);
			name = "[CP] Embed Pods Frameworks";
			outputFileListPaths = (
				"${PODS_ROOT}/Target Support Files/Pods-Solem/Pods-Solem-frameworks-${CONFIGURATION}-output-files.xcfilelist",
			);
			runOnlyForDeploymentPostprocessing = 0;
			shellPath = /bin/sh;
			shellScript = "\"${PODS_ROOT}/Target Support Files/Pods-Solem/Pods-Solem-frameworks.sh\"\n";
			showEnvVarsInLog = 0;
		};
		7A78ECB356241F661DB8C8A6 /* [CP] Check Pods Manifest.lock */ = {
			isa = PBXShellScriptBuildPhase;
			buildActionMask = 2147483647;
			files = (
			);
			inputFileListPaths = (
			);
			inputPaths = (
				"${PODS_PODFILE_DIR_PATH}/Podfile.lock",
				"${PODS_ROOT}/Manifest.lock",
			);
			name = "[CP] Check Pods Manifest.lock";
			outputFileListPaths = (
			);
			outputPaths = (
				"$(DERIVED_FILE_DIR)/Pods-SolemTests-checkManifestLockResult.txt",
			);
			runOnlyForDeploymentPostprocessing = 0;
			shellPath = /bin/sh;
			shellScript = "diff \"${PODS_PODFILE_DIR_PATH}/Podfile.lock\" \"${PODS_ROOT}/Manifest.lock\" > /dev/null\nif [ $? != 0 ] ; then\n    # print error to STDERR\n    echo \"error: The sandbox is not in sync with the Podfile.lock. Run 'pod install' or update your CocoaPods installation.\" >&2\n    exit 1\nfi\n# This output is used by Xcode 'outputs' to avoid re-running this script phase.\necho \"SUCCESS\" > \"${SCRIPT_OUTPUT_FILE_0}\"\n";
			showEnvVarsInLog = 0;
		};
		CFBE3E35E974A6B07C7C4BDB /* [CP] Check Pods Manifest.lock */ = {
			isa = PBXShellScriptBuildPhase;
			buildActionMask = 2147483647;
			files = (
			);
			inputFileListPaths = (
			);
			inputPaths = (
				"${PODS_PODFILE_DIR_PATH}/Podfile.lock",
				"${PODS_ROOT}/Manifest.lock",
			);
			name = "[CP] Check Pods Manifest.lock";
			outputFileListPaths = (
			);
			outputPaths = (
				"$(DERIVED_FILE_DIR)/Pods-Solem-checkManifestLockResult.txt",
			);
			runOnlyForDeploymentPostprocessing = 0;
			shellPath = /bin/sh;
			shellScript = "diff \"${PODS_PODFILE_DIR_PATH}/Podfile.lock\" \"${PODS_ROOT}/Manifest.lock\" > /dev/null\nif [ $? != 0 ] ; then\n    # print error to STDERR\n    echo \"error: The sandbox is not in sync with the Podfile.lock. Run 'pod install' or update your CocoaPods installation.\" >&2\n    exit 1\nfi\n# This output is used by Xcode 'outputs' to avoid re-running this script phase.\necho \"SUCCESS\" > \"${SCRIPT_OUTPUT_FILE_0}\"\n";
			showEnvVarsInLog = 0;
		};
		F74EE5FC96ED3ED9A6228B0D /* [CP] Embed Pods Frameworks */ = {
			isa = PBXShellScriptBuildPhase;
			buildActionMask = 2147483647;
			files = (
			);
			inputFileListPaths = (
				"${PODS_ROOT}/Target Support Files/Pods-Solem-SolemUITests/Pods-Solem-SolemUITests-frameworks-${CONFIGURATION}-input-files.xcfilelist",
			);
			name = "[CP] Embed Pods Frameworks";
			outputFileListPaths = (
				"${PODS_ROOT}/Target Support Files/Pods-Solem-SolemUITests/Pods-Solem-SolemUITests-frameworks-${CONFIGURATION}-output-files.xcfilelist",
			);
			runOnlyForDeploymentPostprocessing = 0;
			shellPath = /bin/sh;
			shellScript = "\"${PODS_ROOT}/Target Support Files/Pods-Solem-SolemUITests/Pods-Solem-SolemUITests-frameworks.sh\"\n";
			showEnvVarsInLog = 0;
		};
/* End PBXShellScriptBuildPhase section */

/* Begin PBXSourcesBuildPhase section */
		06F065CE26528ED000032BDA /* Sources */ = {
			isa = PBXSourcesBuildPhase;
			buildActionMask = 2147483647;
			files = (
				06F065DA26528ED000032BDA /* ViewController.swift in Sources */,
				06F065D626528ED000032BDA /* AppDelegate.swift in Sources */,
				06F065D826528ED000032BDA /* SceneDelegate.swift in Sources */,
			);
			runOnlyForDeploymentPostprocessing = 0;
		};
		06F065E426528ED300032BDA /* Sources */ = {
			isa = PBXSourcesBuildPhase;
			buildActionMask = 2147483647;
			files = (
				06F065ED26528ED300032BDA /* SolemTests.swift in Sources */,
			);
			runOnlyForDeploymentPostprocessing = 0;
		};
		06F065EF26528ED300032BDA /* Sources */ = {
			isa = PBXSourcesBuildPhase;
			buildActionMask = 2147483647;
			files = (
				06F065F826528ED300032BDA /* SolemUITests.swift in Sources */,
			);
			runOnlyForDeploymentPostprocessing = 0;
		};
/* End PBXSourcesBuildPhase section */

/* Begin PBXTargetDependency section */
		06F065EA26528ED300032BDA /* PBXTargetDependency */ = {
			isa = PBXTargetDependency;
			target = 06F065D126528ED000032BDA /* Solem */;
			targetProxy = 06F065E926528ED300032BDA /* PBXContainerItemProxy */;
		};
		06F065F526528ED300032BDA /* PBXTargetDependency */ = {
			isa = PBXTargetDependency;
			target = 06F065D126528ED000032BDA /* Solem */;
			targetProxy = 06F065F426528ED300032BDA /* PBXContainerItemProxy */;
		};
/* End PBXTargetDependency section */

/* Begin PBXVariantGroup section */
		06F065DB26528ED000032BDA /* Main.storyboard */ = {
			isa = PBXVariantGroup;
			children = (
				06F065DC26528ED000032BDA /* Base */,
			);
			name = Main.storyboard;
			sourceTree = "<group>";
		};
		06F065E026528ED300032BDA /* LaunchScreen.storyboard */ = {
			isa = PBXVariantGroup;
			children = (
				06F065E126528ED300032BDA /* Base */,
			);
			name = LaunchScreen.storyboard;
			sourceTree = "<group>";
		};
/* End PBXVariantGroup section */

/* Begin XCBuildConfiguration section */
		06F065FA26528ED300032BDA /* Debug */ = {
			isa = XCBuildConfiguration;
			buildSettings = {
				ALWAYS_SEARCH_USER_PATHS = NO;
				CLANG_ANALYZER_NONNULL = YES;
				CLANG_ANALYZER_NUMBER_OBJECT_CONVERSION = YES_AGGRESSIVE;
				CLANG_CXX_LANGUAGE_STANDARD = "gnu++14";
				CLANG_CXX_LIBRARY = "libc++";
				CLANG_ENABLE_MODULES = YES;
				CLANG_ENABLE_OBJC_ARC = YES;
				CLANG_ENABLE_OBJC_WEAK = YES;
				CLANG_WARN_BLOCK_CAPTURE_AUTORELEASING = YES;
				CLANG_WARN_BOOL_CONVERSION = YES;
				CLANG_WARN_COMMA = YES;
				CLANG_WARN_CONSTANT_CONVERSION = YES;
				CLANG_WARN_DEPRECATED_OBJC_IMPLEMENTATIONS = YES;
				CLANG_WARN_DIRECT_OBJC_ISA_USAGE = YES_ERROR;
				CLANG_WARN_DOCUMENTATION_COMMENTS = YES;
				CLANG_WARN_EMPTY_BODY = YES;
				CLANG_WARN_ENUM_CONVERSION = YES;
				CLANG_WARN_INFINITE_RECURSION = YES;
				CLANG_WARN_INT_CONVERSION = YES;
				CLANG_WARN_NON_LITERAL_NULL_CONVERSION = YES;
				CLANG_WARN_OBJC_IMPLICIT_RETAIN_SELF = YES;
				CLANG_WARN_OBJC_LITERAL_CONVERSION = YES;
				CLANG_WARN_OBJC_ROOT_CLASS = YES_ERROR;
				CLANG_WARN_QUOTED_INCLUDE_IN_FRAMEWORK_HEADER = YES;
				CLANG_WARN_RANGE_LOOP_ANALYSIS = YES;
				CLANG_WARN_STRICT_PROTOTYPES = YES;
				CLANG_WARN_SUSPICIOUS_MOVE = YES;
				CLANG_WARN_UNGUARDED_AVAILABILITY = YES_AGGRESSIVE;
				CLANG_WARN_UNREACHABLE_CODE = YES;
				CLANG_WARN__DUPLICATE_METHOD_MATCH = YES;
				COPY_PHASE_STRIP = NO;
				DEBUG_INFORMATION_FORMAT = dwarf;
				ENABLE_STRICT_OBJC_MSGSEND = YES;
				ENABLE_TESTABILITY = YES;
				GCC_C_LANGUAGE_STANDARD = gnu11;
				GCC_DYNAMIC_NO_PIC = NO;
				GCC_NO_COMMON_BLOCKS = YES;
				GCC_OPTIMIZATION_LEVEL = 0;
				GCC_PREPROCESSOR_DEFINITIONS = (
					"DEBUG=1",
					"$(inherited)",
				);
				GCC_WARN_64_TO_32_BIT_CONVERSION = YES;
				GCC_WARN_ABOUT_RETURN_TYPE = YES_ERROR;
				GCC_WARN_UNDECLARED_SELECTOR = YES;
				GCC_WARN_UNINITIALIZED_AUTOS = YES_AGGRESSIVE;
				GCC_WARN_UNUSED_FUNCTION = YES;
				GCC_WARN_UNUSED_VARIABLE = YES;
				IPHONEOS_DEPLOYMENT_TARGET = 14.5;
				MTL_ENABLE_DEBUG_INFO = INCLUDE_SOURCE;
				MTL_FAST_MATH = YES;
				ONLY_ACTIVE_ARCH = YES;
				SDKROOT = iphoneos;
				SWIFT_ACTIVE_COMPILATION_CONDITIONS = DEBUG;
				SWIFT_OPTIMIZATION_LEVEL = "-Onone";
			};
			name = Debug;
		};
		06F065FB26528ED300032BDA /* Release */ = {
			isa = XCBuildConfiguration;
			buildSettings = {
				ALWAYS_SEARCH_USER_PATHS = NO;
				CLANG_ANALYZER_NONNULL = YES;
				CLANG_ANALYZER_NUMBER_OBJECT_CONVERSION = YES_AGGRESSIVE;
				CLANG_CXX_LANGUAGE_STANDARD = "gnu++14";
				CLANG_CXX_LIBRARY = "libc++";
				CLANG_ENABLE_MODULES = YES;
				CLANG_ENABLE_OBJC_ARC = YES;
				CLANG_ENABLE_OBJC_WEAK = YES;
				CLANG_WARN_BLOCK_CAPTURE_AUTORELEASING = YES;
				CLANG_WARN_BOOL_CONVERSION = YES;
				CLANG_WARN_COMMA = YES;
				CLANG_WARN_CONSTANT_CONVERSION = YES;
				CLANG_WARN_DEPRECATED_OBJC_IMPLEMENTATIONS = YES;
				CLANG_WARN_DIRECT_OBJC_ISA_USAGE = YES_ERROR;
				CLANG_WARN_DOCUMENTATION_COMMENTS = YES;
				CLANG_WARN_EMPTY_BODY = YES;
				CLANG_WARN_ENUM_CONVERSION = YES;
				CLANG_WARN_INFINITE_RECURSION = YES;
				CLANG_WARN_INT_CONVERSION = YES;
				CLANG_WARN_NON_LITERAL_NULL_CONVERSION = YES;
				CLANG_WARN_OBJC_IMPLICIT_RETAIN_SELF = YES;
				CLANG_WARN_OBJC_LITERAL_CONVERSION = YES;
				CLANG_WARN_OBJC_ROOT_CLASS = YES_ERROR;
				CLANG_WARN_QUOTED_INCLUDE_IN_FRAMEWORK_HEADER = YES;
				CLANG_WARN_RANGE_LOOP_ANALYSIS = YES;
				CLANG_WARN_STRICT_PROTOTYPES = YES;
				CLANG_WARN_SUSPICIOUS_MOVE = YES;
				CLANG_WARN_UNGUARDED_AVAILABILITY = YES_AGGRESSIVE;
				CLANG_WARN_UNREACHABLE_CODE = YES;
				CLANG_WARN__DUPLICATE_METHOD_MATCH = YES;
				COPY_PHASE_STRIP = NO;
				DEBUG_INFORMATION_FORMAT = "dwarf-with-dsym";
				ENABLE_NS_ASSERTIONS = NO;
				ENABLE_STRICT_OBJC_MSGSEND = YES;
				GCC_C_LANGUAGE_STANDARD = gnu11;
				GCC_NO_COMMON_BLOCKS = YES;
				GCC_WARN_64_TO_32_BIT_CONVERSION = YES;
				GCC_WARN_ABOUT_RETURN_TYPE = YES_ERROR;
				GCC_WARN_UNDECLARED_SELECTOR = YES;
				GCC_WARN_UNINITIALIZED_AUTOS = YES_AGGRESSIVE;
				GCC_WARN_UNUSED_FUNCTION = YES;
				GCC_WARN_UNUSED_VARIABLE = YES;
				IPHONEOS_DEPLOYMENT_TARGET = 14.5;
				MTL_ENABLE_DEBUG_INFO = NO;
				MTL_FAST_MATH = YES;
				SDKROOT = iphoneos;
				SWIFT_COMPILATION_MODE = wholemodule;
				SWIFT_OPTIMIZATION_LEVEL = "-O";
				VALIDATE_PRODUCT = YES;
			};
			name = Release;
		};
		06F065FD26528ED300032BDA /* Debug */ = {
			isa = XCBuildConfiguration;
			baseConfigurationReference = 0B7B8A3DB6DDAAF03BDFEAE3 /* Pods-Solem.debug.xcconfig */;
			buildSettings = {
				ASSETCATALOG_COMPILER_APPICON_NAME = AppIcon;
				ASSETCATALOG_COMPILER_GLOBAL_ACCENT_COLOR_NAME = AccentColor;
				CODE_SIGN_STYLE = Automatic;
				DEVELOPMENT_TEAM = 5AS27RQMK8;
				INFOPLIST_FILE = Solem/Info.plist;
				LD_RUNPATH_SEARCH_PATHS = (
					"$(inherited)",
					"@executable_path/Frameworks",
				);
				PRODUCT_BUNDLE_IDENTIFIER = com.arturojamaica.Solem;
				PRODUCT_NAME = "$(TARGET_NAME)";
				SWIFT_VERSION = 5.0;
				TARGETED_DEVICE_FAMILY = "1,2";
			};
			name = Debug;
		};
		06F065FE26528ED300032BDA /* Release */ = {
			isa = XCBuildConfiguration;
			baseConfigurationReference = 332972D988648C52A04B9BD5 /* Pods-Solem.release.xcconfig */;
			buildSettings = {
				ASSETCATALOG_COMPILER_APPICON_NAME = AppIcon;
				ASSETCATALOG_COMPILER_GLOBAL_ACCENT_COLOR_NAME = AccentColor;
				CODE_SIGN_STYLE = Automatic;
				DEVELOPMENT_TEAM = 5AS27RQMK8;
				INFOPLIST_FILE = Solem/Info.plist;
				LD_RUNPATH_SEARCH_PATHS = (
					"$(inherited)",
					"@executable_path/Frameworks",
				);
				PRODUCT_BUNDLE_IDENTIFIER = com.arturojamaica.Solem;
				PRODUCT_NAME = "$(TARGET_NAME)";
				SWIFT_VERSION = 5.0;
				TARGETED_DEVICE_FAMILY = "1,2";
			};
			name = Release;
		};
		06F0660026528ED300032BDA /* Debug */ = {
			isa = XCBuildConfiguration;
			baseConfigurationReference = A28F2919EDCCCFD4845B2F1C /* Pods-SolemTests.debug.xcconfig */;
			buildSettings = {
				ALWAYS_EMBED_SWIFT_STANDARD_LIBRARIES = "$(inherited)";
				BUNDLE_LOADER = "$(TEST_HOST)";
				CODE_SIGN_STYLE = Automatic;
				DEVELOPMENT_TEAM = 5AS27RQMK8;
				INFOPLIST_FILE = SolemTests/Info.plist;
				IPHONEOS_DEPLOYMENT_TARGET = 14.5;
				LD_RUNPATH_SEARCH_PATHS = (
					"$(inherited)",
					"@executable_path/Frameworks",
					"@loader_path/Frameworks",
				);
				PRODUCT_BUNDLE_IDENTIFIER = com.arturojamaica.SolemTests;
				PRODUCT_NAME = "$(TARGET_NAME)";
				SWIFT_VERSION = 5.0;
				TARGETED_DEVICE_FAMILY = "1,2";
				TEST_HOST = "$(BUILT_PRODUCTS_DIR)/Solem.app/Solem";
			};
			name = Debug;
		};
		06F0660126528ED300032BDA /* Release */ = {
			isa = XCBuildConfiguration;
			baseConfigurationReference = 942470114EFD538CFDF434D3 /* Pods-SolemTests.release.xcconfig */;
			buildSettings = {
				ALWAYS_EMBED_SWIFT_STANDARD_LIBRARIES = "$(inherited)";
				BUNDLE_LOADER = "$(TEST_HOST)";
				CODE_SIGN_STYLE = Automatic;
				DEVELOPMENT_TEAM = 5AS27RQMK8;
				INFOPLIST_FILE = SolemTests/Info.plist;
				IPHONEOS_DEPLOYMENT_TARGET = 14.5;
				LD_RUNPATH_SEARCH_PATHS = (
					"$(inherited)",
					"@executable_path/Frameworks",
					"@loader_path/Frameworks",
				);
				PRODUCT_BUNDLE_IDENTIFIER = com.arturojamaica.SolemTests;
				PRODUCT_NAME = "$(TARGET_NAME)";
				SWIFT_VERSION = 5.0;
				TARGETED_DEVICE_FAMILY = "1,2";
				TEST_HOST = "$(BUILT_PRODUCTS_DIR)/Solem.app/Solem";
			};
			name = Release;
		};
		06F0660326528ED300032BDA /* Debug */ = {
			isa = XCBuildConfiguration;
			baseConfigurationReference = 0F1B93634E52E96A24B0D517 /* Pods-Solem-SolemUITests.debug.xcconfig */;
			buildSettings = {
				ALWAYS_EMBED_SWIFT_STANDARD_LIBRARIES = "$(inherited)";
				CODE_SIGN_STYLE = Automatic;
				DEVELOPMENT_TEAM = 5AS27RQMK8;
				INFOPLIST_FILE = SolemUITests/Info.plist;
				LD_RUNPATH_SEARCH_PATHS = (
					"$(inherited)",
					"@executable_path/Frameworks",
					"@loader_path/Frameworks",
				);
				PRODUCT_BUNDLE_IDENTIFIER = com.arturojamaica.SolemUITests;
				PRODUCT_NAME = "$(TARGET_NAME)";
				SWIFT_VERSION = 5.0;
				TARGETED_DEVICE_FAMILY = "1,2";
				TEST_TARGET_NAME = Solem;
			};
			name = Debug;
		};
		06F0660426528ED300032BDA /* Release */ = {
			isa = XCBuildConfiguration;
			baseConfigurationReference = 217ED3484008182CBE5AB1DA /* Pods-Solem-SolemUITests.release.xcconfig */;
			buildSettings = {
				ALWAYS_EMBED_SWIFT_STANDARD_LIBRARIES = "$(inherited)";
				CODE_SIGN_STYLE = Automatic;
				DEVELOPMENT_TEAM = 5AS27RQMK8;
				INFOPLIST_FILE = SolemUITests/Info.plist;
				LD_RUNPATH_SEARCH_PATHS = (
					"$(inherited)",
					"@executable_path/Frameworks",
					"@loader_path/Frameworks",
				);
				PRODUCT_BUNDLE_IDENTIFIER = com.arturojamaica.SolemUITests;
				PRODUCT_NAME = "$(TARGET_NAME)";
				SWIFT_VERSION = 5.0;
				TARGETED_DEVICE_FAMILY = "1,2";
				TEST_TARGET_NAME = Solem;
			};
			name = Release;
		};
/* End XCBuildConfiguration section */

/* Begin XCConfigurationList section */
		06F065CD26528ED000032BDA /* Build configuration list for PBXProject "Solem" */ = {
			isa = XCConfigurationList;
			buildConfigurations = (
				06F065FA26528ED300032BDA /* Debug */,
				06F065FB26528ED300032BDA /* Release */,
			);
			defaultConfigurationIsVisible = 0;
			defaultConfigurationName = Release;
		};
		06F065FC26528ED300032BDA /* Build configuration list for PBXNativeTarget "Solem" */ = {
			isa = XCConfigurationList;
			buildConfigurations = (
				06F065FD26528ED300032BDA /* Debug */,
				06F065FE26528ED300032BDA /* Release */,
			);
			defaultConfigurationIsVisible = 0;
			defaultConfigurationName = Release;
		};
		06F065FF26528ED300032BDA /* Build configuration list for PBXNativeTarget "SolemTests" */ = {
			isa = XCConfigurationList;
			buildConfigurations = (
				06F0660026528ED300032BDA /* Debug */,
				06F0660126528ED300032BDA /* Release */,
			);
			defaultConfigurationIsVisible = 0;
			defaultConfigurationName = Release;
		};
		06F0660226528ED300032BDA /* Build configuration list for PBXNativeTarget "SolemUITests" */ = {
			isa = XCConfigurationList;
			buildConfigurations = (
				06F0660326528ED300032BDA /* Debug */,
				06F0660426528ED300032BDA /* Release */,
			);
			defaultConfigurationIsVisible = 0;
			defaultConfigurationName = Release;
		};
/* End XCConfigurationList section */
	};
	rootObject = 06F065CA26528ED000032BDA /* Project object */;
}
