// !$*UTF8*$!
{
	archiveVersion = 1;
	classes = {
	};
	objectVersion = 52;
	objects = {

/* Begin PBXBuildFile section */
		0648DA4A26553EC2005EAE15 /* KeychainAccountStorage.swift in Sources */ = {isa = PBXBuildFile; fileRef = 0648DA4926553EC2005EAE15 /* KeychainAccountStorage.swift */; };
		0648DA4D2655400D005EAE15 /* SolanaModule.swift in Sources */ = {isa = PBXBuildFile; fileRef = 0648DA4C2655400D005EAE15 /* SolanaModule.swift */; };
		064F84F32657D06600D45DF2 /* UpsellViewModel.swift in Sources */ = {isa = PBXBuildFile; fileRef = 064F84F22657D06600D45DF2 /* UpsellViewModel.swift */; };
		064F84F72657D0B600D45DF2 /* UpsellViewCoordinator.swift in Sources */ = {isa = PBXBuildFile; fileRef = 064F84F62657D0B600D45DF2 /* UpsellViewCoordinator.swift */; };
		064F84FB2658A7B300D45DF2 /* CreateWalletViewController.swift in Sources */ = {isa = PBXBuildFile; fileRef = 064F84F92658A7B300D45DF2 /* CreateWalletViewController.swift */; };
		064F84FC2658A7B300D45DF2 /* CreateWalletViewController.xib in Resources */ = {isa = PBXBuildFile; fileRef = 064F84FA2658A7B300D45DF2 /* CreateWalletViewController.xib */; };
		064F84FE2658A7D100D45DF2 /* CreateWalletViewModel.swift in Sources */ = {isa = PBXBuildFile; fileRef = 064F84FD2658A7D100D45DF2 /* CreateWalletViewModel.swift */; };
		064F85032658A8D200D45DF2 /* CreateWalletCoordinator.swift in Sources */ = {isa = PBXBuildFile; fileRef = 064F85022658A8D200D45DF2 /* CreateWalletCoordinator.swift */; };
		064F85062658AF2D00D45DF2 /* SeedPhraseGenerator.swift in Sources */ = {isa = PBXBuildFile; fileRef = 064F85052658AF2D00D45DF2 /* SeedPhraseGenerator.swift */; };
		064F850A2658B17700D45DF2 /* SeedPhaseCollectionViewCell.swift in Sources */ = {isa = PBXBuildFile; fileRef = 064F85082658B17700D45DF2 /* SeedPhaseCollectionViewCell.swift */; };
		064F850B2658B17700D45DF2 /* SeedPhaseCollectionViewCell.xib in Resources */ = {isa = PBXBuildFile; fileRef = 064F85092658B17700D45DF2 /* SeedPhaseCollectionViewCell.xib */; };
		064F85102658D43D00D45DF2 /* WalletViewController.swift in Sources */ = {isa = PBXBuildFile; fileRef = 064F850E2658D43D00D45DF2 /* WalletViewController.swift */; };
		064F85112658D43D00D45DF2 /* WalletViewController.xib in Resources */ = {isa = PBXBuildFile; fileRef = 064F850F2658D43D00D45DF2 /* WalletViewController.xib */; };
		064F85132658D46800D45DF2 /* WalletViewModel.swift in Sources */ = {isa = PBXBuildFile; fileRef = 064F85122658D46800D45DF2 /* WalletViewModel.swift */; };
		064F85172658D4CD00D45DF2 /* WalletCoordinatior.swift in Sources */ = {isa = PBXBuildFile; fileRef = 064F85162658D4CD00D45DF2 /* WalletCoordinatior.swift */; };
		064F851A2658DEAD00D45DF2 /* WalletHeaderView.swift in Sources */ = {isa = PBXBuildFile; fileRef = 064F85192658DEAC00D45DF2 /* WalletHeaderView.swift */; };
		064F851C2658DEC300D45DF2 /* WalletHeaderView.xib in Resources */ = {isa = PBXBuildFile; fileRef = 064F851B2658DEC300D45DF2 /* WalletHeaderView.xib */; };
		064F85202658E5B700D45DF2 /* WalletTableViewCell.swift in Sources */ = {isa = PBXBuildFile; fileRef = 064F851E2658E5B700D45DF2 /* WalletTableViewCell.swift */; };
		064F85212658E5B700D45DF2 /* WalletTableViewCell.xib in Resources */ = {isa = PBXBuildFile; fileRef = 064F851F2658E5B700D45DF2 /* WalletTableViewCell.xib */; };
		064F8524265A0B7B00D45DF2 /* FooterView.swift in Sources */ = {isa = PBXBuildFile; fileRef = 064F8523265A0B7B00D45DF2 /* FooterView.swift */; };
		064F8526265A0B8700D45DF2 /* FooterView.xib in Resources */ = {isa = PBXBuildFile; fileRef = 064F8525265A0B8700D45DF2 /* FooterView.xib */; };
		064F852A265A2F4400D45DF2 /* SettingsViewController.swift in Sources */ = {isa = PBXBuildFile; fileRef = 064F8528265A2F4300D45DF2 /* SettingsViewController.swift */; };
		064F852B265A2F4400D45DF2 /* SettingsViewController.xib in Resources */ = {isa = PBXBuildFile; fileRef = 064F8529265A2F4300D45DF2 /* SettingsViewController.xib */; };
		064F8530265A309500D45DF2 /* SettingsViewCoordinator.swift in Sources */ = {isa = PBXBuildFile; fileRef = 064F852F265A309500D45DF2 /* SettingsViewCoordinator.swift */; };
		064F8532265A30A100D45DF2 /* SettingsViewModel.swift in Sources */ = {isa = PBXBuildFile; fileRef = 064F8531265A30A100D45DF2 /* SettingsViewModel.swift */; };
		064F8538265A37E200D45DF2 /* RestoreWalletViewController.swift in Sources */ = {isa = PBXBuildFile; fileRef = 064F8536265A37E200D45DF2 /* RestoreWalletViewController.swift */; };
		064F8539265A37E200D45DF2 /* RestoreWalletViewController.xib in Resources */ = {isa = PBXBuildFile; fileRef = 064F8537265A37E200D45DF2 /* RestoreWalletViewController.xib */; };
		064F853D265A381300D45DF2 /* RestoreWalletCoordinator.swift in Sources */ = {isa = PBXBuildFile; fileRef = 064F853C265A381300D45DF2 /* RestoreWalletCoordinator.swift */; };
		064F8540265A382E00D45DF2 /* RestoreWalletViewModel.swift in Sources */ = {isa = PBXBuildFile; fileRef = 064F853F265A382E00D45DF2 /* RestoreWalletViewModel.swift */; };
		064F8545265A6DCC00D45DF2 /* TokenViewController.swift in Sources */ = {isa = PBXBuildFile; fileRef = 064F8543265A6DCC00D45DF2 /* TokenViewController.swift */; };
		064F8546265A6DCC00D45DF2 /* TokenViewController.xib in Resources */ = {isa = PBXBuildFile; fileRef = 064F8544265A6DCC00D45DF2 /* TokenViewController.xib */; };
		064F854A265A6DED00D45DF2 /* TokenViewModel.swift in Sources */ = {isa = PBXBuildFile; fileRef = 064F8549265A6DED00D45DF2 /* TokenViewModel.swift */; };
		064F854D265A6E4A00D45DF2 /* TokenViewCoordinator.swift in Sources */ = {isa = PBXBuildFile; fileRef = 064F854C265A6E4A00D45DF2 /* TokenViewCoordinator.swift */; };
		064F854F265A76A700D45DF2 /* Wallet.swift in Sources */ = {isa = PBXBuildFile; fileRef = 064F854E265A76A600D45DF2 /* Wallet.swift */; };
		064F8552265A7A5200D45DF2 /* Token.swift in Sources */ = {isa = PBXBuildFile; fileRef = 064F8551265A7A5200D45DF2 /* Token.swift */; };
		064F8554265A7AA200D45DF2 /* TokensList.swift in Sources */ = {isa = PBXBuildFile; fileRef = 064F8553265A7AA200D45DF2 /* TokensList.swift */; };
		064F8556265A7ABF00D45DF2 /* TokenExtensions.swift in Sources */ = {isa = PBXBuildFile; fileRef = 064F8555265A7ABF00D45DF2 /* TokenExtensions.swift */; };
		064F8558265A7ADF00D45DF2 /* TokenTag.swift in Sources */ = {isa = PBXBuildFile; fileRef = 064F8557265A7ADF00D45DF2 /* TokenTag.swift */; };
		06676758265535CD00108D21 /* UpsellViewController.swift in Sources */ = {isa = PBXBuildFile; fileRef = 06676756265535CD00108D21 /* UpsellViewController.swift */; };
		06676759265535CD00108D21 /* UpsellViewController.xib in Resources */ = {isa = PBXBuildFile; fileRef = 06676757265535CD00108D21 /* UpsellViewController.xib */; };
		0687A754267E229900AF3DC6 /* RxSolana in Frameworks */ = {isa = PBXBuildFile; productRef = 0687A753267E229900AF3DC6 /* RxSolana */; };
		0687A756267E229900AF3DC6 /* Solana in Frameworks */ = {isa = PBXBuildFile; productRef = 0687A755267E229900AF3DC6 /* Solana */; };
		06F065D626528ED000032BDA /* AppDelegate.swift in Sources */ = {isa = PBXBuildFile; fileRef = 06F065D526528ED000032BDA /* AppDelegate.swift */; };
		06F065D826528ED000032BDA /* SceneDelegate.swift in Sources */ = {isa = PBXBuildFile; fileRef = 06F065D726528ED000032BDA /* SceneDelegate.swift */; };
		06F065DF26528ED300032BDA /* Assets.xcassets in Resources */ = {isa = PBXBuildFile; fileRef = 06F065DE26528ED300032BDA /* Assets.xcassets */; };
		06F065E226528ED300032BDA /* LaunchScreen.storyboard in Resources */ = {isa = PBXBuildFile; fileRef = 06F065E026528ED300032BDA /* LaunchScreen.storyboard */; };
		06F065ED26528ED300032BDA /* SummerTests.swift in Sources */ = {isa = PBXBuildFile; fileRef = 06F065EC26528ED300032BDA /* SummerTests.swift */; };
		06F065F826528ED300032BDA /* SummerUITests.swift in Sources */ = {isa = PBXBuildFile; fileRef = 06F065F726528ED300032BDA /* SummerUITests.swift */; };
		06F06607265292DA00032BDA /* Coordinator.swift in Sources */ = {isa = PBXBuildFile; fileRef = 06F06606265292DA00032BDA /* Coordinator.swift */; };
		06F0660C2652941200032BDA /* StartViewController.swift in Sources */ = {isa = PBXBuildFile; fileRef = 06F0660A2652941200032BDA /* StartViewController.swift */; };
		06F0660D2652941200032BDA /* StartViewController.xib in Resources */ = {isa = PBXBuildFile; fileRef = 06F0660B2652941200032BDA /* StartViewController.xib */; };
		06F066102652945000032BDA /* StartViewModel.swift in Sources */ = {isa = PBXBuildFile; fileRef = 06F0660F2652945000032BDA /* StartViewModel.swift */; };
		06F06614265294DB00032BDA /* StartViewCoordinator.swift in Sources */ = {isa = PBXBuildFile; fileRef = 06F06613265294DB00032BDA /* StartViewCoordinator.swift */; };
		06F63A2C2664FBF9009925BE /* Differentiator in Frameworks */ = {isa = PBXBuildFile; productRef = 06F63A2B2664FBF9009925BE /* Differentiator */; };
		06F63A2E2664FBF9009925BE /* RxDataSources in Frameworks */ = {isa = PBXBuildFile; productRef = 06F63A2D2664FBF9009925BE /* RxDataSources */; };
		06F63A3126650129009925BE /* Kingfisher in Frameworks */ = {isa = PBXBuildFile; productRef = 06F63A3026650129009925BE /* Kingfisher */; };
		06F63A3326650280009925BE /* SolanaTokenAccountBalance.swift in Sources */ = {isa = PBXBuildFile; fileRef = 06F63A3226650280009925BE /* SolanaTokenAccountBalance.swift */; };
		B3DE8ACE265CCFDF00D6744A /* KeychainSwift in Frameworks */ = {isa = PBXBuildFile; productRef = B3DE8ACD265CCFDF00D6744A /* KeychainSwift */; };
		B3DE8AFF265CD1C600D6744A /* RxSwift in Frameworks */ = {isa = PBXBuildFile; productRef = B3DE8AFE265CD1C600D6744A /* RxSwift */; };
		B3DE8B01265CD1C600D6744A /* RxRelay in Frameworks */ = {isa = PBXBuildFile; productRef = B3DE8B00265CD1C600D6744A /* RxRelay */; };
		B3DE8B03265CD1C600D6744A /* RxCocoa in Frameworks */ = {isa = PBXBuildFile; productRef = B3DE8B02265CD1C600D6744A /* RxCocoa */; };
		B3DE8B05265CD1C600D6744A /* RxBlocking in Frameworks */ = {isa = PBXBuildFile; productRef = B3DE8B04265CD1C600D6744A /* RxBlocking */; };
/* End PBXBuildFile section */

/* Begin PBXContainerItemProxy section */
		06F065E926528ED300032BDA /* PBXContainerItemProxy */ = {
			isa = PBXContainerItemProxy;
			containerPortal = 06F065CA26528ED000032BDA /* Project object */;
			proxyType = 1;
			remoteGlobalIDString = 06F065D126528ED000032BDA;
			remoteInfo = Summer;
		};
		06F065F426528ED300032BDA /* PBXContainerItemProxy */ = {
			isa = PBXContainerItemProxy;
			containerPortal = 06F065CA26528ED000032BDA /* Project object */;
			proxyType = 1;
			remoteGlobalIDString = 06F065D126528ED000032BDA;
			remoteInfo = Summer;
		};
/* End PBXContainerItemProxy section */

/* Begin PBXFileReference section */
		0648DA4926553EC2005EAE15 /* KeychainAccountStorage.swift */ = {isa = PBXFileReference; lastKnownFileType = sourcecode.swift; path = KeychainAccountStorage.swift; sourceTree = "<group>"; };
		0648DA4C2655400D005EAE15 /* SolanaModule.swift */ = {isa = PBXFileReference; lastKnownFileType = sourcecode.swift; path = SolanaModule.swift; sourceTree = "<group>"; };
		064F84F22657D06600D45DF2 /* UpsellViewModel.swift */ = {isa = PBXFileReference; lastKnownFileType = sourcecode.swift; path = UpsellViewModel.swift; sourceTree = "<group>"; };
		064F84F62657D0B600D45DF2 /* UpsellViewCoordinator.swift */ = {isa = PBXFileReference; lastKnownFileType = sourcecode.swift; path = UpsellViewCoordinator.swift; sourceTree = "<group>"; };
		064F84F92658A7B300D45DF2 /* CreateWalletViewController.swift */ = {isa = PBXFileReference; lastKnownFileType = sourcecode.swift; path = CreateWalletViewController.swift; sourceTree = "<group>"; };
		064F84FA2658A7B300D45DF2 /* CreateWalletViewController.xib */ = {isa = PBXFileReference; lastKnownFileType = file.xib; path = CreateWalletViewController.xib; sourceTree = "<group>"; };
		064F84FD2658A7D100D45DF2 /* CreateWalletViewModel.swift */ = {isa = PBXFileReference; lastKnownFileType = sourcecode.swift; path = CreateWalletViewModel.swift; sourceTree = "<group>"; };
		064F85022658A8D200D45DF2 /* CreateWalletCoordinator.swift */ = {isa = PBXFileReference; lastKnownFileType = sourcecode.swift; path = CreateWalletCoordinator.swift; sourceTree = "<group>"; };
		064F85052658AF2D00D45DF2 /* SeedPhraseGenerator.swift */ = {isa = PBXFileReference; lastKnownFileType = sourcecode.swift; path = SeedPhraseGenerator.swift; sourceTree = "<group>"; };
		064F85082658B17700D45DF2 /* SeedPhaseCollectionViewCell.swift */ = {isa = PBXFileReference; lastKnownFileType = sourcecode.swift; path = SeedPhaseCollectionViewCell.swift; sourceTree = "<group>"; };
		064F85092658B17700D45DF2 /* SeedPhaseCollectionViewCell.xib */ = {isa = PBXFileReference; lastKnownFileType = file.xib; path = SeedPhaseCollectionViewCell.xib; sourceTree = "<group>"; };
		064F850E2658D43D00D45DF2 /* WalletViewController.swift */ = {isa = PBXFileReference; lastKnownFileType = sourcecode.swift; path = WalletViewController.swift; sourceTree = "<group>"; };
		064F850F2658D43D00D45DF2 /* WalletViewController.xib */ = {isa = PBXFileReference; lastKnownFileType = file.xib; path = WalletViewController.xib; sourceTree = "<group>"; };
		064F85122658D46800D45DF2 /* WalletViewModel.swift */ = {isa = PBXFileReference; lastKnownFileType = sourcecode.swift; path = WalletViewModel.swift; sourceTree = "<group>"; };
		064F85162658D4CD00D45DF2 /* WalletCoordinatior.swift */ = {isa = PBXFileReference; lastKnownFileType = sourcecode.swift; path = WalletCoordinatior.swift; sourceTree = "<group>"; };
		064F85192658DEAC00D45DF2 /* WalletHeaderView.swift */ = {isa = PBXFileReference; lastKnownFileType = sourcecode.swift; path = WalletHeaderView.swift; sourceTree = "<group>"; };
		064F851B2658DEC300D45DF2 /* WalletHeaderView.xib */ = {isa = PBXFileReference; lastKnownFileType = file.xib; path = WalletHeaderView.xib; sourceTree = "<group>"; };
		064F851E2658E5B700D45DF2 /* WalletTableViewCell.swift */ = {isa = PBXFileReference; lastKnownFileType = sourcecode.swift; path = WalletTableViewCell.swift; sourceTree = "<group>"; };
		064F851F2658E5B700D45DF2 /* WalletTableViewCell.xib */ = {isa = PBXFileReference; lastKnownFileType = file.xib; path = WalletTableViewCell.xib; sourceTree = "<group>"; };
		064F8523265A0B7B00D45DF2 /* FooterView.swift */ = {isa = PBXFileReference; lastKnownFileType = sourcecode.swift; path = FooterView.swift; sourceTree = "<group>"; };
		064F8525265A0B8700D45DF2 /* FooterView.xib */ = {isa = PBXFileReference; lastKnownFileType = file.xib; path = FooterView.xib; sourceTree = "<group>"; };
		064F8528265A2F4300D45DF2 /* SettingsViewController.swift */ = {isa = PBXFileReference; lastKnownFileType = sourcecode.swift; path = SettingsViewController.swift; sourceTree = "<group>"; };
		064F8529265A2F4300D45DF2 /* SettingsViewController.xib */ = {isa = PBXFileReference; lastKnownFileType = file.xib; path = SettingsViewController.xib; sourceTree = "<group>"; };
		064F852F265A309500D45DF2 /* SettingsViewCoordinator.swift */ = {isa = PBXFileReference; lastKnownFileType = sourcecode.swift; path = SettingsViewCoordinator.swift; sourceTree = "<group>"; };
		064F8531265A30A100D45DF2 /* SettingsViewModel.swift */ = {isa = PBXFileReference; lastKnownFileType = sourcecode.swift; path = SettingsViewModel.swift; sourceTree = "<group>"; };
		064F8536265A37E200D45DF2 /* RestoreWalletViewController.swift */ = {isa = PBXFileReference; lastKnownFileType = sourcecode.swift; path = RestoreWalletViewController.swift; sourceTree = "<group>"; };
		064F8537265A37E200D45DF2 /* RestoreWalletViewController.xib */ = {isa = PBXFileReference; lastKnownFileType = file.xib; path = RestoreWalletViewController.xib; sourceTree = "<group>"; };
		064F853C265A381300D45DF2 /* RestoreWalletCoordinator.swift */ = {isa = PBXFileReference; lastKnownFileType = sourcecode.swift; path = RestoreWalletCoordinator.swift; sourceTree = "<group>"; };
		064F853F265A382E00D45DF2 /* RestoreWalletViewModel.swift */ = {isa = PBXFileReference; lastKnownFileType = sourcecode.swift; path = RestoreWalletViewModel.swift; sourceTree = "<group>"; };
		064F8543265A6DCC00D45DF2 /* TokenViewController.swift */ = {isa = PBXFileReference; lastKnownFileType = sourcecode.swift; path = TokenViewController.swift; sourceTree = "<group>"; };
		064F8544265A6DCC00D45DF2 /* TokenViewController.xib */ = {isa = PBXFileReference; lastKnownFileType = file.xib; path = TokenViewController.xib; sourceTree = "<group>"; };
		064F8549265A6DED00D45DF2 /* TokenViewModel.swift */ = {isa = PBXFileReference; lastKnownFileType = sourcecode.swift; path = TokenViewModel.swift; sourceTree = "<group>"; };
		064F854C265A6E4A00D45DF2 /* TokenViewCoordinator.swift */ = {isa = PBXFileReference; lastKnownFileType = sourcecode.swift; path = TokenViewCoordinator.swift; sourceTree = "<group>"; };
		064F854E265A76A600D45DF2 /* Wallet.swift */ = {isa = PBXFileReference; lastKnownFileType = sourcecode.swift; path = Wallet.swift; sourceTree = "<group>"; };
		064F8551265A7A5200D45DF2 /* Token.swift */ = {isa = PBXFileReference; lastKnownFileType = sourcecode.swift; path = Token.swift; sourceTree = "<group>"; };
		064F8553265A7AA200D45DF2 /* TokensList.swift */ = {isa = PBXFileReference; lastKnownFileType = sourcecode.swift; path = TokensList.swift; sourceTree = "<group>"; };
		064F8555265A7ABF00D45DF2 /* TokenExtensions.swift */ = {isa = PBXFileReference; lastKnownFileType = sourcecode.swift; path = TokenExtensions.swift; sourceTree = "<group>"; };
		064F8557265A7ADF00D45DF2 /* TokenTag.swift */ = {isa = PBXFileReference; lastKnownFileType = sourcecode.swift; path = TokenTag.swift; sourceTree = "<group>"; };
		06676756265535CD00108D21 /* UpsellViewController.swift */ = {isa = PBXFileReference; lastKnownFileType = sourcecode.swift; path = UpsellViewController.swift; sourceTree = "<group>"; };
		06676757265535CD00108D21 /* UpsellViewController.xib */ = {isa = PBXFileReference; lastKnownFileType = file.xib; path = UpsellViewController.xib; sourceTree = "<group>"; };
		06F065D226528ED000032BDA /* Summer.app */ = {isa = PBXFileReference; explicitFileType = wrapper.application; includeInIndex = 0; path = Summer.app; sourceTree = BUILT_PRODUCTS_DIR; };
		06F065D526528ED000032BDA /* AppDelegate.swift */ = {isa = PBXFileReference; lastKnownFileType = sourcecode.swift; path = AppDelegate.swift; sourceTree = "<group>"; };
		06F065D726528ED000032BDA /* SceneDelegate.swift */ = {isa = PBXFileReference; lastKnownFileType = sourcecode.swift; path = SceneDelegate.swift; sourceTree = "<group>"; };
		06F065DE26528ED300032BDA /* Assets.xcassets */ = {isa = PBXFileReference; lastKnownFileType = folder.assetcatalog; path = Assets.xcassets; sourceTree = "<group>"; };
		06F065E126528ED300032BDA /* Base */ = {isa = PBXFileReference; lastKnownFileType = file.storyboard; name = Base; path = Base.lproj/LaunchScreen.storyboard; sourceTree = "<group>"; };
		06F065E326528ED300032BDA /* Info.plist */ = {isa = PBXFileReference; lastKnownFileType = text.plist.xml; path = Info.plist; sourceTree = "<group>"; };
		06F065E826528ED300032BDA /* SummerTests.xctest */ = {isa = PBXFileReference; explicitFileType = wrapper.cfbundle; includeInIndex = 0; path = SummerTests.xctest; sourceTree = BUILT_PRODUCTS_DIR; };
		06F065EC26528ED300032BDA /* SummerTests.swift */ = {isa = PBXFileReference; lastKnownFileType = sourcecode.swift; path = SummerTests.swift; sourceTree = "<group>"; };
		06F065EE26528ED300032BDA /* Info.plist */ = {isa = PBXFileReference; lastKnownFileType = text.plist.xml; path = Info.plist; sourceTree = "<group>"; };
		06F065F326528ED300032BDA /* SummerUITests.xctest */ = {isa = PBXFileReference; explicitFileType = wrapper.cfbundle; includeInIndex = 0; path = SummerUITests.xctest; sourceTree = BUILT_PRODUCTS_DIR; };
		06F065F726528ED300032BDA /* SummerUITests.swift */ = {isa = PBXFileReference; lastKnownFileType = sourcecode.swift; path = SummerUITests.swift; sourceTree = "<group>"; };
		06F065F926528ED300032BDA /* Info.plist */ = {isa = PBXFileReference; lastKnownFileType = text.plist.xml; path = Info.plist; sourceTree = "<group>"; };
		06F06606265292DA00032BDA /* Coordinator.swift */ = {isa = PBXFileReference; lastKnownFileType = sourcecode.swift; path = Coordinator.swift; sourceTree = "<group>"; };
		06F0660A2652941200032BDA /* StartViewController.swift */ = {isa = PBXFileReference; lastKnownFileType = sourcecode.swift; path = StartViewController.swift; sourceTree = "<group>"; };
		06F0660B2652941200032BDA /* StartViewController.xib */ = {isa = PBXFileReference; lastKnownFileType = file.xib; path = StartViewController.xib; sourceTree = "<group>"; };
		06F0660F2652945000032BDA /* StartViewModel.swift */ = {isa = PBXFileReference; lastKnownFileType = sourcecode.swift; path = StartViewModel.swift; sourceTree = "<group>"; };
		06F06613265294DB00032BDA /* StartViewCoordinator.swift */ = {isa = PBXFileReference; lastKnownFileType = sourcecode.swift; path = StartViewCoordinator.swift; sourceTree = "<group>"; };
		06F63A3226650280009925BE /* SolanaTokenAccountBalance.swift */ = {isa = PBXFileReference; lastKnownFileType = sourcecode.swift; path = SolanaTokenAccountBalance.swift; sourceTree = "<group>"; };
		B3DE8B12265CD2FF00D6744A /* Summer-Bridging-Header.h */ = {isa = PBXFileReference; lastKnownFileType = sourcecode.c.h; path = "Summer-Bridging-Header.h"; sourceTree = "<group>"; };
/* End PBXFileReference section */

/* Begin PBXFrameworksBuildPhase section */
		06F065CF26528ED000032BDA /* Frameworks */ = {
			isa = PBXFrameworksBuildPhase;
			buildActionMask = 2147483647;
			files = (
				B3DE8AFF265CD1C600D6744A /* RxSwift in Frameworks */,
				B3DE8B05265CD1C600D6744A /* RxBlocking in Frameworks */,
				0687A754267E229900AF3DC6 /* RxSolana in Frameworks */,
				B3DE8ACE265CCFDF00D6744A /* KeychainSwift in Frameworks */,
				06F63A2E2664FBF9009925BE /* RxDataSources in Frameworks */,
				06F63A3126650129009925BE /* Kingfisher in Frameworks */,
				B3DE8B01265CD1C600D6744A /* RxRelay in Frameworks */,
				0687A756267E229900AF3DC6 /* Solana in Frameworks */,
				06F63A2C2664FBF9009925BE /* Differentiator in Frameworks */,
				B3DE8B03265CD1C600D6744A /* RxCocoa in Frameworks */,
			);
			runOnlyForDeploymentPostprocessing = 0;
		};
		06F065E526528ED300032BDA /* Frameworks */ = {
			isa = PBXFrameworksBuildPhase;
			buildActionMask = 2147483647;
			files = (
			);
			runOnlyForDeploymentPostprocessing = 0;
		};
		06F065F026528ED300032BDA /* Frameworks */ = {
			isa = PBXFrameworksBuildPhase;
			buildActionMask = 2147483647;
			files = (
			);
			runOnlyForDeploymentPostprocessing = 0;
		};
/* End PBXFrameworksBuildPhase section */

/* Begin PBXGroup section */
		0648DA4726553EA3005EAE15 /* Dependencys */ = {
			isa = PBXGroup;
			children = (
				064F85042658AF2200D45DF2 /* SeedPhraseGenerator */,
				0648DA4B26554004005EAE15 /* SolanaModule */,
				0648DA4826553EBA005EAE15 /* KeychainAccountStorage */,
			);
			path = Dependencys;
			sourceTree = "<group>";
		};
		0648DA4826553EBA005EAE15 /* KeychainAccountStorage */ = {
			isa = PBXGroup;
			children = (
				0648DA4926553EC2005EAE15 /* KeychainAccountStorage.swift */,
			);
			path = KeychainAccountStorage;
			sourceTree = "<group>";
		};
		0648DA4B26554004005EAE15 /* SolanaModule */ = {
			isa = PBXGroup;
			children = (
				064F8550265A7A4100D45DF2 /* Models */,
				0648DA4C2655400D005EAE15 /* SolanaModule.swift */,
			);
			path = SolanaModule;
			sourceTree = "<group>";
		};
		064F84F42657D09500D45DF2 /* ViewModel */ = {
			isa = PBXGroup;
			children = (
				064F84F22657D06600D45DF2 /* UpsellViewModel.swift */,
			);
			path = ViewModel;
			sourceTree = "<group>";
		};
		064F84F52657D0A200D45DF2 /* Navigation */ = {
			isa = PBXGroup;
			children = (
				064F84F62657D0B600D45DF2 /* UpsellViewCoordinator.swift */,
			);
			path = Navigation;
			sourceTree = "<group>";
		};
		064F84F82658A7A200D45DF2 /* CreateWallet */ = {
			isa = PBXGroup;
			children = (
				064F85012658A8B400D45DF2 /* Navigation */,
				064F85002658A80B00D45DF2 /* ViewModel */,
				064F84FF2658A80300D45DF2 /* UI */,
			);
			path = CreateWallet;
			sourceTree = "<group>";
		};
		064F84FF2658A80300D45DF2 /* UI */ = {
			isa = PBXGroup;
			children = (
				064F85072658B15300D45DF2 /* SeedPhaseCollectionViewCell */,
				064F84F92658A7B300D45DF2 /* CreateWalletViewController.swift */,
				064F84FA2658A7B300D45DF2 /* CreateWalletViewController.xib */,
			);
			path = UI;
			sourceTree = "<group>";
		};
		064F85002658A80B00D45DF2 /* ViewModel */ = {
			isa = PBXGroup;
			children = (
				064F84FD2658A7D100D45DF2 /* CreateWalletViewModel.swift */,
			);
			path = ViewModel;
			sourceTree = "<group>";
		};
		064F85012658A8B400D45DF2 /* Navigation */ = {
			isa = PBXGroup;
			children = (
				064F85022658A8D200D45DF2 /* CreateWalletCoordinator.swift */,
			);
			path = Navigation;
			sourceTree = "<group>";
		};
		064F85042658AF2200D45DF2 /* SeedPhraseGenerator */ = {
			isa = PBXGroup;
			children = (
				064F85052658AF2D00D45DF2 /* SeedPhraseGenerator.swift */,
			);
			path = SeedPhraseGenerator;
			sourceTree = "<group>";
		};
		064F85072658B15300D45DF2 /* SeedPhaseCollectionViewCell */ = {
			isa = PBXGroup;
			children = (
				064F85082658B17700D45DF2 /* SeedPhaseCollectionViewCell.swift */,
				064F85092658B17700D45DF2 /* SeedPhaseCollectionViewCell.xib */,
			);
			path = SeedPhaseCollectionViewCell;
			sourceTree = "<group>";
		};
		064F850C2658D42300D45DF2 /* Wallet */ = {
			isa = PBXGroup;
			children = (
				064F85152658D4B900D45DF2 /* Navigation */,
				064F85142658D4B200D45DF2 /* ViewModel */,
				064F850D2658D42800D45DF2 /* UI */,
			);
			path = Wallet;
			sourceTree = "<group>";
		};
		064F850D2658D42800D45DF2 /* UI */ = {
			isa = PBXGroup;
			children = (
				064F8522265A0B5700D45DF2 /* Footer */,
				064F851D2658E59700D45DF2 /* WalletCell */,
				064F85182658DE7600D45DF2 /* Header */,
				064F850E2658D43D00D45DF2 /* WalletViewController.swift */,
				064F850F2658D43D00D45DF2 /* WalletViewController.xib */,
			);
			path = UI;
			sourceTree = "<group>";
		};
		064F85142658D4B200D45DF2 /* ViewModel */ = {
			isa = PBXGroup;
			children = (
				064F85122658D46800D45DF2 /* WalletViewModel.swift */,
			);
			path = ViewModel;
			sourceTree = "<group>";
		};
		064F85152658D4B900D45DF2 /* Navigation */ = {
			isa = PBXGroup;
			children = (
				064F85162658D4CD00D45DF2 /* WalletCoordinatior.swift */,
			);
			path = Navigation;
			sourceTree = "<group>";
		};
		064F85182658DE7600D45DF2 /* Header */ = {
			isa = PBXGroup;
			children = (
				064F85192658DEAC00D45DF2 /* WalletHeaderView.swift */,
				064F851B2658DEC300D45DF2 /* WalletHeaderView.xib */,
			);
			path = Header;
			sourceTree = "<group>";
		};
		064F851D2658E59700D45DF2 /* WalletCell */ = {
			isa = PBXGroup;
			children = (
				064F851E2658E5B700D45DF2 /* WalletTableViewCell.swift */,
				064F851F2658E5B700D45DF2 /* WalletTableViewCell.xib */,
			);
			path = WalletCell;
			sourceTree = "<group>";
		};
		064F8522265A0B5700D45DF2 /* Footer */ = {
			isa = PBXGroup;
			children = (
				064F8523265A0B7B00D45DF2 /* FooterView.swift */,
				064F8525265A0B8700D45DF2 /* FooterView.xib */,
			);
			path = Footer;
			sourceTree = "<group>";
		};
		064F8527265A2F2E00D45DF2 /* Settings */ = {
			isa = PBXGroup;
			children = (
				064F852E265A308400D45DF2 /* Navigation */,
				064F852D265A307C00D45DF2 /* ViewModel */,
				064F852C265A307500D45DF2 /* UI */,
			);
			path = Settings;
			sourceTree = "<group>";
		};
		064F852C265A307500D45DF2 /* UI */ = {
			isa = PBXGroup;
			children = (
				064F8528265A2F4300D45DF2 /* SettingsViewController.swift */,
				064F8529265A2F4300D45DF2 /* SettingsViewController.xib */,
			);
			path = UI;
			sourceTree = "<group>";
		};
		064F852D265A307C00D45DF2 /* ViewModel */ = {
			isa = PBXGroup;
			children = (
				064F8531265A30A100D45DF2 /* SettingsViewModel.swift */,
			);
			path = ViewModel;
			sourceTree = "<group>";
		};
		064F852E265A308400D45DF2 /* Navigation */ = {
			isa = PBXGroup;
			children = (
				064F852F265A309500D45DF2 /* SettingsViewCoordinator.swift */,
			);
			path = Navigation;
			sourceTree = "<group>";
		};
		064F8533265A37C000D45DF2 /* RestoreWallet */ = {
			isa = PBXGroup;
			children = (
				064F853E265A381F00D45DF2 /* ViewModel */,
				064F853B265A37EC00D45DF2 /* Navigation */,
				064F853A265A37E500D45DF2 /* UI */,
			);
			path = RestoreWallet;
			sourceTree = "<group>";
		};
		064F853A265A37E500D45DF2 /* UI */ = {
			isa = PBXGroup;
			children = (
				064F8536265A37E200D45DF2 /* RestoreWalletViewController.swift */,
				064F8537265A37E200D45DF2 /* RestoreWalletViewController.xib */,
			);
			path = UI;
			sourceTree = "<group>";
		};
		064F853B265A37EC00D45DF2 /* Navigation */ = {
			isa = PBXGroup;
			children = (
				064F853C265A381300D45DF2 /* RestoreWalletCoordinator.swift */,
			);
			path = Navigation;
			sourceTree = "<group>";
		};
		064F853E265A381F00D45DF2 /* ViewModel */ = {
			isa = PBXGroup;
			children = (
				064F853F265A382E00D45DF2 /* RestoreWalletViewModel.swift */,
			);
			path = ViewModel;
			sourceTree = "<group>";
		};
		064F8542265A6DB100D45DF2 /* TokenView */ = {
			isa = PBXGroup;
			children = (
				064F854B265A6E3A00D45DF2 /* Navigation */,
				064F8548265A6DD900D45DF2 /* ViewModel */,
				064F8547265A6DD100D45DF2 /* UI */,
			);
			path = TokenView;
			sourceTree = "<group>";
		};
		064F8547265A6DD100D45DF2 /* UI */ = {
			isa = PBXGroup;
			children = (
				064F8543265A6DCC00D45DF2 /* TokenViewController.swift */,
				064F8544265A6DCC00D45DF2 /* TokenViewController.xib */,
			);
			path = UI;
			sourceTree = "<group>";
		};
		064F8548265A6DD900D45DF2 /* ViewModel */ = {
			isa = PBXGroup;
			children = (
				064F8549265A6DED00D45DF2 /* TokenViewModel.swift */,
			);
			path = ViewModel;
			sourceTree = "<group>";
		};
		064F854B265A6E3A00D45DF2 /* Navigation */ = {
			isa = PBXGroup;
			children = (
				064F854C265A6E4A00D45DF2 /* TokenViewCoordinator.swift */,
			);
			path = Navigation;
			sourceTree = "<group>";
		};
		064F8550265A7A4100D45DF2 /* Models */ = {
			isa = PBXGroup;
			children = (
				064F854E265A76A600D45DF2 /* Wallet.swift */,
				064F8551265A7A5200D45DF2 /* Token.swift */,
				064F8553265A7AA200D45DF2 /* TokensList.swift */,
				064F8555265A7ABF00D45DF2 /* TokenExtensions.swift */,
				064F8557265A7ADF00D45DF2 /* TokenTag.swift */,
				06F63A3226650280009925BE /* SolanaTokenAccountBalance.swift */,
			);
			path = Models;
			sourceTree = "<group>";
		};
		0667675A265535D000108D21 /* UI */ = {
			isa = PBXGroup;
			children = (
				06676756265535CD00108D21 /* UpsellViewController.swift */,
				06676757265535CD00108D21 /* UpsellViewController.xib */,
			);
			path = UI;
			sourceTree = "<group>";
		};
		06F065C926528ED000032BDA = {
			isa = PBXGroup;
			children = (
				06F065D426528ED000032BDA /* Summer */,
				06F065EB26528ED300032BDA /* SummerTests */,
				06F065F626528ED300032BDA /* SummerUITests */,
				06F065D326528ED000032BDA /* Products */,
			);
			sourceTree = "<group>";
		};
		06F065D326528ED000032BDA /* Products */ = {
			isa = PBXGroup;
			children = (
				06F065D226528ED000032BDA /* Summer.app */,
				06F065E826528ED300032BDA /* SummerTests.xctest */,
				06F065F326528ED300032BDA /* SummerUITests.xctest */,
			);
			name = Products;
			sourceTree = "<group>";
		};
		06F065D426528ED000032BDA /* Summer */ = {
			isa = PBXGroup;
			children = (
				0648DA4726553EA3005EAE15 /* Dependencys */,
				06F06605265292C600032BDA /* Coordinators */,
				06F066082652935E00032BDA /* Views */,
				06F065D526528ED000032BDA /* AppDelegate.swift */,
				06F065D726528ED000032BDA /* SceneDelegate.swift */,
				B3DE8B12265CD2FF00D6744A /* Summer-Bridging-Header.h */,
				06F065DE26528ED300032BDA /* Assets.xcassets */,
				06F065E026528ED300032BDA /* LaunchScreen.storyboard */,
				06F065E326528ED300032BDA /* Info.plist */,
			);
			path = Summer;
			sourceTree = "<group>";
		};
		06F065EB26528ED300032BDA /* SummerTests */ = {
			isa = PBXGroup;
			children = (
				06F065EC26528ED300032BDA /* SummerTests.swift */,
				06F065EE26528ED300032BDA /* Info.plist */,
			);
			path = SummerTests;
			sourceTree = "<group>";
		};
		06F065F626528ED300032BDA /* SummerUITests */ = {
			isa = PBXGroup;
			children = (
				06F065F726528ED300032BDA /* SummerUITests.swift */,
				06F065F926528ED300032BDA /* Info.plist */,
			);
			path = SummerUITests;
			sourceTree = "<group>";
		};
		06F06605265292C600032BDA /* Coordinators */ = {
			isa = PBXGroup;
			children = (
				06F06606265292DA00032BDA /* Coordinator.swift */,
			);
			path = Coordinators;
			sourceTree = "<group>";
		};
		06F066082652935E00032BDA /* Views */ = {
			isa = PBXGroup;
			children = (
				064F8542265A6DB100D45DF2 /* TokenView */,
				064F8533265A37C000D45DF2 /* RestoreWallet */,
				064F8527265A2F2E00D45DF2 /* Settings */,
				064F850C2658D42300D45DF2 /* Wallet */,
				064F84F82658A7A200D45DF2 /* CreateWallet */,
				06F0661526529D5100032BDA /* UpsellView */,
				06F06609265293DB00032BDA /* StartView */,
			);
			path = Views;
			sourceTree = "<group>";
		};
		06F06609265293DB00032BDA /* StartView */ = {
			isa = PBXGroup;
			children = (
				06F06612265294C500032BDA /* Navigation */,
				06F066112652947200032BDA /* UI */,
				06F0660E2652943800032BDA /* ViewModel */,
			);
			path = StartView;
			sourceTree = "<group>";
		};
		06F0660E2652943800032BDA /* ViewModel */ = {
			isa = PBXGroup;
			children = (
				06F0660F2652945000032BDA /* StartViewModel.swift */,
			);
			path = ViewModel;
			sourceTree = "<group>";
		};
		06F066112652947200032BDA /* UI */ = {
			isa = PBXGroup;
			children = (
				06F0660A2652941200032BDA /* StartViewController.swift */,
				06F0660B2652941200032BDA /* StartViewController.xib */,
			);
			path = UI;
			sourceTree = "<group>";
		};
		06F06612265294C500032BDA /* Navigation */ = {
			isa = PBXGroup;
			children = (
				06F06613265294DB00032BDA /* StartViewCoordinator.swift */,
			);
			path = Navigation;
			sourceTree = "<group>";
		};
		06F0661526529D5100032BDA /* UpsellView */ = {
			isa = PBXGroup;
			children = (
				064F84F52657D0A200D45DF2 /* Navigation */,
				064F84F42657D09500D45DF2 /* ViewModel */,
				0667675A265535D000108D21 /* UI */,
			);
			path = UpsellView;
			sourceTree = "<group>";
		};
/* End PBXGroup section */

/* Begin PBXNativeTarget section */
		06F065D126528ED000032BDA /* Summer */ = {
			isa = PBXNativeTarget;
			buildConfigurationList = 06F065FC26528ED300032BDA /* Build configuration list for PBXNativeTarget "Summer" */;
			buildPhases = (
				06F065CE26528ED000032BDA /* Sources */,
				06F065CF26528ED000032BDA /* Frameworks */,
				06F065D026528ED000032BDA /* Resources */,
			);
			buildRules = (
			);
			dependencies = (
			);
			name = Summer;
			packageProductDependencies = (
				B3DE8ACD265CCFDF00D6744A /* KeychainSwift */,
				B3DE8AFE265CD1C600D6744A /* RxSwift */,
				B3DE8B00265CD1C600D6744A /* RxRelay */,
				B3DE8B02265CD1C600D6744A /* RxCocoa */,
				B3DE8B04265CD1C600D6744A /* RxBlocking */,
				06F63A2B2664FBF9009925BE /* Differentiator */,
				06F63A2D2664FBF9009925BE /* RxDataSources */,
				06F63A3026650129009925BE /* Kingfisher */,
				0687A753267E229900AF3DC6 /* RxSolana */,
				0687A755267E229900AF3DC6 /* Solana */,
			);
			productName = Summer;
			productReference = 06F065D226528ED000032BDA /* Summer.app */;
			productType = "com.apple.product-type.application";
		};
		06F065E726528ED300032BDA /* SummerTests */ = {
			isa = PBXNativeTarget;
			buildConfigurationList = 06F065FF26528ED300032BDA /* Build configuration list for PBXNativeTarget "SummerTests" */;
			buildPhases = (
				06F065E426528ED300032BDA /* Sources */,
				06F065E526528ED300032BDA /* Frameworks */,
				06F065E626528ED300032BDA /* Resources */,
			);
			buildRules = (
			);
			dependencies = (
				06F065EA26528ED300032BDA /* PBXTargetDependency */,
			);
			name = SummerTests;
			productName = SummerTests;
			productReference = 06F065E826528ED300032BDA /* SummerTests.xctest */;
			productType = "com.apple.product-type.bundle.unit-test";
		};
		06F065F226528ED300032BDA /* SummerUITests */ = {
			isa = PBXNativeTarget;
			buildConfigurationList = 06F0660226528ED300032BDA /* Build configuration list for PBXNativeTarget "SummerUITests" */;
			buildPhases = (
				06F065EF26528ED300032BDA /* Sources */,
				06F065F026528ED300032BDA /* Frameworks */,
				06F065F126528ED300032BDA /* Resources */,
			);
			buildRules = (
			);
			dependencies = (
				06F065F526528ED300032BDA /* PBXTargetDependency */,
			);
			name = SummerUITests;
			productName = SummerUITests;
			productReference = 06F065F326528ED300032BDA /* SummerUITests.xctest */;
			productType = "com.apple.product-type.bundle.ui-testing";
		};
/* End PBXNativeTarget section */

/* Begin PBXProject section */
		06F065CA26528ED000032BDA /* Project object */ = {
			isa = PBXProject;
			attributes = {
				LastSwiftUpdateCheck = 1250;
				LastUpgradeCheck = 1250;
				TargetAttributes = {
					06F065D126528ED000032BDA = {
						CreatedOnToolsVersion = 12.5;
						LastSwiftMigration = 1240;
					};
					06F065E726528ED300032BDA = {
						CreatedOnToolsVersion = 12.5;
						TestTargetID = 06F065D126528ED000032BDA;
					};
					06F065F226528ED300032BDA = {
						CreatedOnToolsVersion = 12.5;
						TestTargetID = 06F065D126528ED000032BDA;
					};
				};
			};
			buildConfigurationList = 06F065CD26528ED000032BDA /* Build configuration list for PBXProject "Summer" */;
			compatibilityVersion = "Xcode 9.3";
			developmentRegion = en;
			hasScannedForEncodings = 0;
			knownRegions = (
				en,
				Base,
			);
			mainGroup = 06F065C926528ED000032BDA;
			packageReferences = (
				B3DE8ACC265CCFDF00D6744A /* XCRemoteSwiftPackageReference "keychain-swift" */,
				B3DE8AFD265CD1C600D6744A /* XCRemoteSwiftPackageReference "RxSwift" */,
				06F63A2A2664FBF9009925BE /* XCRemoteSwiftPackageReference "RxDataSources" */,
				06F63A2F26650128009925BE /* XCRemoteSwiftPackageReference "Kingfisher" */,
				0687A752267E229900AF3DC6 /* XCRemoteSwiftPackageReference "Solana.Swift" */,
			);
			productRefGroup = 06F065D326528ED000032BDA /* Products */;
			projectDirPath = "";
			projectRoot = "";
			targets = (
				06F065D126528ED000032BDA /* Summer */,
				06F065E726528ED300032BDA /* SummerTests */,
				06F065F226528ED300032BDA /* SummerUITests */,
			);
		};
/* End PBXProject section */

/* Begin PBXResourcesBuildPhase section */
		06F065D026528ED000032BDA /* Resources */ = {
			isa = PBXResourcesBuildPhase;
			buildActionMask = 2147483647;
			files = (
				06676759265535CD00108D21 /* UpsellViewController.xib in Resources */,
				064F85112658D43D00D45DF2 /* WalletViewController.xib in Resources */,
				064F852B265A2F4400D45DF2 /* SettingsViewController.xib in Resources */,
				064F851C2658DEC300D45DF2 /* WalletHeaderView.xib in Resources */,
				064F8546265A6DCC00D45DF2 /* TokenViewController.xib in Resources */,
				064F8539265A37E200D45DF2 /* RestoreWalletViewController.xib in Resources */,
				064F850B2658B17700D45DF2 /* SeedPhaseCollectionViewCell.xib in Resources */,
				064F84FC2658A7B300D45DF2 /* CreateWalletViewController.xib in Resources */,
				06F065E226528ED300032BDA /* LaunchScreen.storyboard in Resources */,
				064F85212658E5B700D45DF2 /* WalletTableViewCell.xib in Resources */,
				064F8526265A0B8700D45DF2 /* FooterView.xib in Resources */,
				06F065DF26528ED300032BDA /* Assets.xcassets in Resources */,
				06F0660D2652941200032BDA /* StartViewController.xib in Resources */,
			);
			runOnlyForDeploymentPostprocessing = 0;
		};
		06F065E626528ED300032BDA /* Resources */ = {
			isa = PBXResourcesBuildPhase;
			buildActionMask = 2147483647;
			files = (
			);
			runOnlyForDeploymentPostprocessing = 0;
		};
		06F065F126528ED300032BDA /* Resources */ = {
			isa = PBXResourcesBuildPhase;
			buildActionMask = 2147483647;
			files = (
			);
			runOnlyForDeploymentPostprocessing = 0;
		};
/* End PBXResourcesBuildPhase section */

/* Begin PBXSourcesBuildPhase section */
		06F065CE26528ED000032BDA /* Sources */ = {
			isa = PBXSourcesBuildPhase;
			buildActionMask = 2147483647;
			files = (
				064F8530265A309500D45DF2 /* SettingsViewCoordinator.swift in Sources */,
				064F85202658E5B700D45DF2 /* WalletTableViewCell.swift in Sources */,
				064F8556265A7ABF00D45DF2 /* TokenExtensions.swift in Sources */,
				064F854D265A6E4A00D45DF2 /* TokenViewCoordinator.swift in Sources */,
				064F8524265A0B7B00D45DF2 /* FooterView.swift in Sources */,
				064F84F72657D0B600D45DF2 /* UpsellViewCoordinator.swift in Sources */,
				06F06614265294DB00032BDA /* StartViewCoordinator.swift in Sources */,
				064F8545265A6DCC00D45DF2 /* TokenViewController.swift in Sources */,
				064F84F32657D06600D45DF2 /* UpsellViewModel.swift in Sources */,
				064F84FE2658A7D100D45DF2 /* CreateWalletViewModel.swift in Sources */,
				06F0660C2652941200032BDA /* StartViewController.swift in Sources */,
				064F85062658AF2D00D45DF2 /* SeedPhraseGenerator.swift in Sources */,
				06F066102652945000032BDA /* StartViewModel.swift in Sources */,
				064F8532265A30A100D45DF2 /* SettingsViewModel.swift in Sources */,
				064F851A2658DEAD00D45DF2 /* WalletHeaderView.swift in Sources */,
				06F06607265292DA00032BDA /* Coordinator.swift in Sources */,
				064F854A265A6DED00D45DF2 /* TokenViewModel.swift in Sources */,
				064F854F265A76A700D45DF2 /* Wallet.swift in Sources */,
				064F8558265A7ADF00D45DF2 /* TokenTag.swift in Sources */,
				064F84FB2658A7B300D45DF2 /* CreateWalletViewController.swift in Sources */,
				064F8552265A7A5200D45DF2 /* Token.swift in Sources */,
				06676758265535CD00108D21 /* UpsellViewController.swift in Sources */,
				0648DA4A26553EC2005EAE15 /* KeychainAccountStorage.swift in Sources */,
				064F8540265A382E00D45DF2 /* RestoreWalletViewModel.swift in Sources */,
				064F8538265A37E200D45DF2 /* RestoreWalletViewController.swift in Sources */,
				064F85172658D4CD00D45DF2 /* WalletCoordinatior.swift in Sources */,
				064F852A265A2F4400D45DF2 /* SettingsViewController.swift in Sources */,
				0648DA4D2655400D005EAE15 /* SolanaModule.swift in Sources */,
				06F065D626528ED000032BDA /* AppDelegate.swift in Sources */,
				064F85102658D43D00D45DF2 /* WalletViewController.swift in Sources */,
				06F065D826528ED000032BDA /* SceneDelegate.swift in Sources */,
				06F63A3326650280009925BE /* SolanaTokenAccountBalance.swift in Sources */,
				064F853D265A381300D45DF2 /* RestoreWalletCoordinator.swift in Sources */,
				064F85132658D46800D45DF2 /* WalletViewModel.swift in Sources */,
				064F8554265A7AA200D45DF2 /* TokensList.swift in Sources */,
				064F85032658A8D200D45DF2 /* CreateWalletCoordinator.swift in Sources */,
				064F850A2658B17700D45DF2 /* SeedPhaseCollectionViewCell.swift in Sources */,
			);
			runOnlyForDeploymentPostprocessing = 0;
		};
		06F065E426528ED300032BDA /* Sources */ = {
			isa = PBXSourcesBuildPhase;
			buildActionMask = 2147483647;
			files = (
				06F065ED26528ED300032BDA /* SummerTests.swift in Sources */,
			);
			runOnlyForDeploymentPostprocessing = 0;
		};
		06F065EF26528ED300032BDA /* Sources */ = {
			isa = PBXSourcesBuildPhase;
			buildActionMask = 2147483647;
			files = (
				06F065F826528ED300032BDA /* SummerUITests.swift in Sources */,
			);
			runOnlyForDeploymentPostprocessing = 0;
		};
/* End PBXSourcesBuildPhase section */

/* Begin PBXTargetDependency section */
		06F065EA26528ED300032BDA /* PBXTargetDependency */ = {
			isa = PBXTargetDependency;
			target = 06F065D126528ED000032BDA /* Summer */;
			targetProxy = 06F065E926528ED300032BDA /* PBXContainerItemProxy */;
		};
		06F065F526528ED300032BDA /* PBXTargetDependency */ = {
			isa = PBXTargetDependency;
			target = 06F065D126528ED000032BDA /* Summer */;
			targetProxy = 06F065F426528ED300032BDA /* PBXContainerItemProxy */;
		};
/* End PBXTargetDependency section */

/* Begin PBXVariantGroup section */
		06F065E026528ED300032BDA /* LaunchScreen.storyboard */ = {
			isa = PBXVariantGroup;
			children = (
				06F065E126528ED300032BDA /* Base */,
			);
			name = LaunchScreen.storyboard;
			sourceTree = "<group>";
		};
/* End PBXVariantGroup section */

/* Begin XCBuildConfiguration section */
		06F065FA26528ED300032BDA /* Debug */ = {
			isa = XCBuildConfiguration;
			buildSettings = {
				ALWAYS_SEARCH_USER_PATHS = NO;
				CLANG_ANALYZER_NONNULL = YES;
				CLANG_ANALYZER_NUMBER_OBJECT_CONVERSION = YES_AGGRESSIVE;
				CLANG_CXX_LANGUAGE_STANDARD = "gnu++14";
				CLANG_CXX_LIBRARY = "libc++";
				CLANG_ENABLE_MODULES = YES;
				CLANG_ENABLE_OBJC_ARC = YES;
				CLANG_ENABLE_OBJC_WEAK = YES;
				CLANG_WARN_BLOCK_CAPTURE_AUTORELEASING = YES;
				CLANG_WARN_BOOL_CONVERSION = YES;
				CLANG_WARN_COMMA = YES;
				CLANG_WARN_CONSTANT_CONVERSION = YES;
				CLANG_WARN_DEPRECATED_OBJC_IMPLEMENTATIONS = YES;
				CLANG_WARN_DIRECT_OBJC_ISA_USAGE = YES_ERROR;
				CLANG_WARN_DOCUMENTATION_COMMENTS = YES;
				CLANG_WARN_EMPTY_BODY = YES;
				CLANG_WARN_ENUM_CONVERSION = YES;
				CLANG_WARN_INFINITE_RECURSION = YES;
				CLANG_WARN_INT_CONVERSION = YES;
				CLANG_WARN_NON_LITERAL_NULL_CONVERSION = YES;
				CLANG_WARN_OBJC_IMPLICIT_RETAIN_SELF = YES;
				CLANG_WARN_OBJC_LITERAL_CONVERSION = YES;
				CLANG_WARN_OBJC_ROOT_CLASS = YES_ERROR;
				CLANG_WARN_QUOTED_INCLUDE_IN_FRAMEWORK_HEADER = YES;
				CLANG_WARN_RANGE_LOOP_ANALYSIS = YES;
				CLANG_WARN_STRICT_PROTOTYPES = YES;
				CLANG_WARN_SUSPICIOUS_MOVE = YES;
				CLANG_WARN_UNGUARDED_AVAILABILITY = YES_AGGRESSIVE;
				CLANG_WARN_UNREACHABLE_CODE = YES;
				CLANG_WARN__DUPLICATE_METHOD_MATCH = YES;
				COPY_PHASE_STRIP = NO;
				DEBUG_INFORMATION_FORMAT = dwarf;
				ENABLE_STRICT_OBJC_MSGSEND = YES;
				ENABLE_TESTABILITY = YES;
				GCC_C_LANGUAGE_STANDARD = gnu11;
				GCC_DYNAMIC_NO_PIC = NO;
				GCC_NO_COMMON_BLOCKS = YES;
				GCC_OPTIMIZATION_LEVEL = 0;
				GCC_PREPROCESSOR_DEFINITIONS = (
					"DEBUG=1",
					"$(inherited)",
				);
				GCC_WARN_64_TO_32_BIT_CONVERSION = YES;
				GCC_WARN_ABOUT_RETURN_TYPE = YES_ERROR;
				GCC_WARN_UNDECLARED_SELECTOR = YES;
				GCC_WARN_UNINITIALIZED_AUTOS = YES_AGGRESSIVE;
				GCC_WARN_UNUSED_FUNCTION = YES;
				GCC_WARN_UNUSED_VARIABLE = YES;
				IPHONEOS_DEPLOYMENT_TARGET = 14.5;
				MTL_ENABLE_DEBUG_INFO = INCLUDE_SOURCE;
				MTL_FAST_MATH = YES;
				ONLY_ACTIVE_ARCH = YES;
				SDKROOT = iphoneos;
				SWIFT_ACTIVE_COMPILATION_CONDITIONS = DEBUG;
				SWIFT_OPTIMIZATION_LEVEL = "-Onone";
			};
			name = Debug;
		};
		06F065FB26528ED300032BDA /* Release */ = {
			isa = XCBuildConfiguration;
			buildSettings = {
				ALWAYS_SEARCH_USER_PATHS = NO;
				CLANG_ANALYZER_NONNULL = YES;
				CLANG_ANALYZER_NUMBER_OBJECT_CONVERSION = YES_AGGRESSIVE;
				CLANG_CXX_LANGUAGE_STANDARD = "gnu++14";
				CLANG_CXX_LIBRARY = "libc++";
				CLANG_ENABLE_MODULES = YES;
				CLANG_ENABLE_OBJC_ARC = YES;
				CLANG_ENABLE_OBJC_WEAK = YES;
				CLANG_WARN_BLOCK_CAPTURE_AUTORELEASING = YES;
				CLANG_WARN_BOOL_CONVERSION = YES;
				CLANG_WARN_COMMA = YES;
				CLANG_WARN_CONSTANT_CONVERSION = YES;
				CLANG_WARN_DEPRECATED_OBJC_IMPLEMENTATIONS = YES;
				CLANG_WARN_DIRECT_OBJC_ISA_USAGE = YES_ERROR;
				CLANG_WARN_DOCUMENTATION_COMMENTS = YES;
				CLANG_WARN_EMPTY_BODY = YES;
				CLANG_WARN_ENUM_CONVERSION = YES;
				CLANG_WARN_INFINITE_RECURSION = YES;
				CLANG_WARN_INT_CONVERSION = YES;
				CLANG_WARN_NON_LITERAL_NULL_CONVERSION = YES;
				CLANG_WARN_OBJC_IMPLICIT_RETAIN_SELF = YES;
				CLANG_WARN_OBJC_LITERAL_CONVERSION = YES;
				CLANG_WARN_OBJC_ROOT_CLASS = YES_ERROR;
				CLANG_WARN_QUOTED_INCLUDE_IN_FRAMEWORK_HEADER = YES;
				CLANG_WARN_RANGE_LOOP_ANALYSIS = YES;
				CLANG_WARN_STRICT_PROTOTYPES = YES;
				CLANG_WARN_SUSPICIOUS_MOVE = YES;
				CLANG_WARN_UNGUARDED_AVAILABILITY = YES_AGGRESSIVE;
				CLANG_WARN_UNREACHABLE_CODE = YES;
				CLANG_WARN__DUPLICATE_METHOD_MATCH = YES;
				COPY_PHASE_STRIP = NO;
				DEBUG_INFORMATION_FORMAT = "dwarf-with-dsym";
				ENABLE_NS_ASSERTIONS = NO;
				ENABLE_STRICT_OBJC_MSGSEND = YES;
				GCC_C_LANGUAGE_STANDARD = gnu11;
				GCC_NO_COMMON_BLOCKS = YES;
				GCC_WARN_64_TO_32_BIT_CONVERSION = YES;
				GCC_WARN_ABOUT_RETURN_TYPE = YES_ERROR;
				GCC_WARN_UNDECLARED_SELECTOR = YES;
				GCC_WARN_UNINITIALIZED_AUTOS = YES_AGGRESSIVE;
				GCC_WARN_UNUSED_FUNCTION = YES;
				GCC_WARN_UNUSED_VARIABLE = YES;
				IPHONEOS_DEPLOYMENT_TARGET = 14.5;
				MTL_ENABLE_DEBUG_INFO = NO;
				MTL_FAST_MATH = YES;
				SDKROOT = iphoneos;
				SWIFT_COMPILATION_MODE = wholemodule;
				SWIFT_OPTIMIZATION_LEVEL = "-O";
				VALIDATE_PRODUCT = YES;
			};
			name = Release;
		};
		06F065FD26528ED300032BDA /* Debug */ = {
			isa = XCBuildConfiguration;
			buildSettings = {
				ASSETCATALOG_COMPILER_APPICON_NAME = AppIcon;
				ASSETCATALOG_COMPILER_GLOBAL_ACCENT_COLOR_NAME = AccentColor;
				CLANG_ENABLE_MODULES = YES;
				CODE_SIGN_STYLE = Automatic;
				DEVELOPMENT_TEAM = 5AS27RQMK8;
				FRAMEWORK_SEARCH_PATHS = (
					"$(inherited)",
					"$(PROJECT_DIR)/Summer/Dependencys/CKSecp256k1",
				);
				INFOPLIST_FILE = Summer/Info.plist;
				IPHONEOS_DEPLOYMENT_TARGET = 13.0;
				LD_RUNPATH_SEARCH_PATHS = (
					"$(inherited)",
					"@executable_path/Frameworks",
				);
				PRODUCT_BUNDLE_IDENTIFIER = com.arturojamaica.Summer;
				PRODUCT_NAME = "$(TARGET_NAME)";
				SWIFT_OBJC_BRIDGING_HEADER = "Summer/Summer-Bridging-Header.h";
				SWIFT_OPTIMIZATION_LEVEL = "-Onone";
				SWIFT_VERSION = 5.0;
				TARGETED_DEVICE_FAMILY = "1,2";
			};
			name = Debug;
		};
		06F065FE26528ED300032BDA /* Release */ = {
			isa = XCBuildConfiguration;
			buildSettings = {
				ASSETCATALOG_COMPILER_APPICON_NAME = AppIcon;
				ASSETCATALOG_COMPILER_GLOBAL_ACCENT_COLOR_NAME = AccentColor;
				CLANG_ENABLE_MODULES = YES;
				CODE_SIGN_STYLE = Automatic;
				DEVELOPMENT_TEAM = 5AS27RQMK8;
				FRAMEWORK_SEARCH_PATHS = (
					"$(inherited)",
					"$(PROJECT_DIR)/Summer/Dependencys/CKSecp256k1",
				);
				INFOPLIST_FILE = Summer/Info.plist;
				IPHONEOS_DEPLOYMENT_TARGET = 13.0;
				LD_RUNPATH_SEARCH_PATHS = (
					"$(inherited)",
					"@executable_path/Frameworks",
				);
				PRODUCT_BUNDLE_IDENTIFIER = com.arturojamaica.Summer;
				PRODUCT_NAME = "$(TARGET_NAME)";
				SWIFT_OBJC_BRIDGING_HEADER = "Summer/Summer-Bridging-Header.h";
				SWIFT_VERSION = 5.0;
				TARGETED_DEVICE_FAMILY = "1,2";
			};
			name = Release;
		};
		06F0660026528ED300032BDA /* Debug */ = {
			isa = XCBuildConfiguration;
			buildSettings = {
				ALWAYS_EMBED_SWIFT_STANDARD_LIBRARIES = "$(inherited)";
				BUNDLE_LOADER = "$(TEST_HOST)";
				CODE_SIGN_STYLE = Automatic;
				DEVELOPMENT_TEAM = 5AS27RQMK8;
				INFOPLIST_FILE = SummerTests/Info.plist;
				IPHONEOS_DEPLOYMENT_TARGET = 14.5;
				LD_RUNPATH_SEARCH_PATHS = (
					"$(inherited)",
					"@executable_path/Frameworks",
					"@loader_path/Frameworks",
				);
				PRODUCT_BUNDLE_IDENTIFIER = com.arturojamaica.SummerTests;
				PRODUCT_NAME = "$(TARGET_NAME)";
				SWIFT_VERSION = 5.0;
				TARGETED_DEVICE_FAMILY = "1,2";
				TEST_HOST = "$(BUILT_PRODUCTS_DIR)/Summer.app/Summer";
			};
			name = Debug;
		};
		06F0660126528ED300032BDA /* Release */ = {
			isa = XCBuildConfiguration;
			buildSettings = {
				ALWAYS_EMBED_SWIFT_STANDARD_LIBRARIES = "$(inherited)";
				BUNDLE_LOADER = "$(TEST_HOST)";
				CODE_SIGN_STYLE = Automatic;
				DEVELOPMENT_TEAM = 5AS27RQMK8;
				INFOPLIST_FILE = SummerTests/Info.plist;
				IPHONEOS_DEPLOYMENT_TARGET = 14.5;
				LD_RUNPATH_SEARCH_PATHS = (
					"$(inherited)",
					"@executable_path/Frameworks",
					"@loader_path/Frameworks",
				);
				PRODUCT_BUNDLE_IDENTIFIER = com.arturojamaica.SummerTests;
				PRODUCT_NAME = "$(TARGET_NAME)";
				SWIFT_VERSION = 5.0;
				TARGETED_DEVICE_FAMILY = "1,2";
				TEST_HOST = "$(BUILT_PRODUCTS_DIR)/Summer.app/Summer";
			};
			name = Release;
		};
		06F0660326528ED300032BDA /* Debug */ = {
			isa = XCBuildConfiguration;
			buildSettings = {
				ALWAYS_EMBED_SWIFT_STANDARD_LIBRARIES = "$(inherited)";
				CODE_SIGN_STYLE = Automatic;
				DEVELOPMENT_TEAM = 5AS27RQMK8;
				INFOPLIST_FILE = SommerUITests/Info.plist;
				LD_RUNPATH_SEARCH_PATHS = (
					"$(inherited)",
					"@executable_path/Frameworks",
					"@loader_path/Frameworks",
				);
				PRODUCT_BUNDLE_IDENTIFIER = com.arturojamaica.SummerUITests;
				PRODUCT_NAME = "$(TARGET_NAME)";
				SWIFT_VERSION = 5.0;
				TARGETED_DEVICE_FAMILY = "1,2";
				TEST_TARGET_NAME = Summer;
			};
			name = Debug;
		};
		06F0660426528ED300032BDA /* Release */ = {
			isa = XCBuildConfiguration;
			buildSettings = {
				ALWAYS_EMBED_SWIFT_STANDARD_LIBRARIES = "$(inherited)";
				CODE_SIGN_STYLE = Automatic;
				DEVELOPMENT_TEAM = 5AS27RQMK8;
				INFOPLIST_FILE = SommerUITests/Info.plist;
				LD_RUNPATH_SEARCH_PATHS = (
					"$(inherited)",
					"@executable_path/Frameworks",
					"@loader_path/Frameworks",
				);
				PRODUCT_BUNDLE_IDENTIFIER = com.arturojamaica.SummerUITests;
				PRODUCT_NAME = "$(TARGET_NAME)";
				SWIFT_VERSION = 5.0;
				TARGETED_DEVICE_FAMILY = "1,2";
				TEST_TARGET_NAME = Summer;
			};
			name = Release;
		};
/* End XCBuildConfiguration section */

/* Begin XCConfigurationList section */
		06F065CD26528ED000032BDA /* Build configuration list for PBXProject "Summer" */ = {
			isa = XCConfigurationList;
			buildConfigurations = (
				06F065FA26528ED300032BDA /* Debug */,
				06F065FB26528ED300032BDA /* Release */,
			);
			defaultConfigurationIsVisible = 0;
			defaultConfigurationName = Release;
		};
		06F065FC26528ED300032BDA /* Build configuration list for PBXNativeTarget "Summer" */ = {
			isa = XCConfigurationList;
			buildConfigurations = (
				06F065FD26528ED300032BDA /* Debug */,
				06F065FE26528ED300032BDA /* Release */,
			);
			defaultConfigurationIsVisible = 0;
			defaultConfigurationName = Release;
		};
		06F065FF26528ED300032BDA /* Build configuration list for PBXNativeTarget "SummerTests" */ = {
			isa = XCConfigurationList;
			buildConfigurations = (
				06F0660026528ED300032BDA /* Debug */,
				06F0660126528ED300032BDA /* Release */,
			);
			defaultConfigurationIsVisible = 0;
			defaultConfigurationName = Release;
		};
		06F0660226528ED300032BDA /* Build configuration list for PBXNativeTarget "SummerUITests" */ = {
			isa = XCConfigurationList;
			buildConfigurations = (
				06F0660326528ED300032BDA /* Debug */,
				06F0660426528ED300032BDA /* Release */,
			);
			defaultConfigurationIsVisible = 0;
			defaultConfigurationName = Release;
		};
/* End XCConfigurationList section */

/* Begin XCRemoteSwiftPackageReference section */
		0687A752267E229900AF3DC6 /* XCRemoteSwiftPackageReference "Solana.Swift" */ = {
			isa = XCRemoteSwiftPackageReference;
			repositoryURL = "https://github.com/ajamaica/Solana.Swift.git";
			requirement = {
				kind = upToNextMajorVersion;
				minimumVersion = 1.0.0;
			};
		};
		06F63A2A2664FBF9009925BE /* XCRemoteSwiftPackageReference "RxDataSources" */ = {
			isa = XCRemoteSwiftPackageReference;
			repositoryURL = "https://github.com/RxSwiftCommunity/RxDataSources.git";
			requirement = {
				kind = upToNextMajorVersion;
				minimumVersion = 5.0.1;
			};
		};
		06F63A2F26650128009925BE /* XCRemoteSwiftPackageReference "Kingfisher" */ = {
			isa = XCRemoteSwiftPackageReference;
			repositoryURL = "https://github.com/onevcat/Kingfisher";
			requirement = {
				kind = upToNextMajorVersion;
				minimumVersion = 6.3.0;
			};
		};
		B3DE8ACC265CCFDF00D6744A /* XCRemoteSwiftPackageReference "keychain-swift" */ = {
			isa = XCRemoteSwiftPackageReference;
			repositoryURL = "https://github.com/evgenyneu/keychain-swift.git";
			requirement = {
				kind = upToNextMajorVersion;
				minimumVersion = 19.0.0;
			};
		};
		B3DE8AFD265CD1C600D6744A /* XCRemoteSwiftPackageReference "RxSwift" */ = {
			isa = XCRemoteSwiftPackageReference;
			repositoryURL = "https://github.com/ReactiveX/RxSwift.git";
			requirement = {
				kind = upToNextMajorVersion;
				minimumVersion = 6.2.0;
			};
		};
/* End XCRemoteSwiftPackageReference section */

/* Begin XCSwiftPackageProductDependency section */
		0687A753267E229900AF3DC6 /* RxSolana */ = {
			isa = XCSwiftPackageProductDependency;
			package = 0687A752267E229900AF3DC6 /* XCRemoteSwiftPackageReference "Solana.Swift" */;
			productName = RxSolana;
		};
		0687A755267E229900AF3DC6 /* Solana */ = {
			isa = XCSwiftPackageProductDependency;
			package = 0687A752267E229900AF3DC6 /* XCRemoteSwiftPackageReference "Solana.Swift" */;
			productName = Solana;
		};
		06F63A2B2664FBF9009925BE /* Differentiator */ = {
			isa = XCSwiftPackageProductDependency;
			package = 06F63A2A2664FBF9009925BE /* XCRemoteSwiftPackageReference "RxDataSources" */;
			productName = Differentiator;
		};
		06F63A2D2664FBF9009925BE /* RxDataSources */ = {
			isa = XCSwiftPackageProductDependency;
			package = 06F63A2A2664FBF9009925BE /* XCRemoteSwiftPackageReference "RxDataSources" */;
			productName = RxDataSources;
		};
		06F63A3026650129009925BE /* Kingfisher */ = {
			isa = XCSwiftPackageProductDependency;
			package = 06F63A2F26650128009925BE /* XCRemoteSwiftPackageReference "Kingfisher" */;
			productName = Kingfisher;
		};
		B3DE8ACD265CCFDF00D6744A /* KeychainSwift */ = {
			isa = XCSwiftPackageProductDependency;
			package = B3DE8ACC265CCFDF00D6744A /* XCRemoteSwiftPackageReference "keychain-swift" */;
			productName = KeychainSwift;
		};
		B3DE8AFE265CD1C600D6744A /* RxSwift */ = {
			isa = XCSwiftPackageProductDependency;
			package = B3DE8AFD265CD1C600D6744A /* XCRemoteSwiftPackageReference "RxSwift" */;
			productName = RxSwift;
		};
		B3DE8B00265CD1C600D6744A /* RxRelay */ = {
			isa = XCSwiftPackageProductDependency;
			package = B3DE8AFD265CD1C600D6744A /* XCRemoteSwiftPackageReference "RxSwift" */;
			productName = RxRelay;
		};
		B3DE8B02265CD1C600D6744A /* RxCocoa */ = {
			isa = XCSwiftPackageProductDependency;
			package = B3DE8AFD265CD1C600D6744A /* XCRemoteSwiftPackageReference "RxSwift" */;
			productName = RxCocoa;
		};
		B3DE8B04265CD1C600D6744A /* RxBlocking */ = {
			isa = XCSwiftPackageProductDependency;
			package = B3DE8AFD265CD1C600D6744A /* XCRemoteSwiftPackageReference "RxSwift" */;
			productName = RxBlocking;
		};
/* End XCSwiftPackageProductDependency section */
	};
	rootObject = 06F065CA26528ED000032BDA /* Project object */;
}
